// !$*UTF8*$!
{
	archiveVersion = 1;
	classes = {
	};
	objectVersion = 50;
	objects = {

/* Begin PBXBuildFile section */
		ED65735D211F5108001C9690 /* AppDelegate.swift in Sources */ = {isa = PBXBuildFile; fileRef = ED65735C211F5108001C9690 /* AppDelegate.swift */; };
		ED657362211F5108001C9690 /* Main.storyboard in Resources */ = {isa = PBXBuildFile; fileRef = ED657360211F5108001C9690 /* Main.storyboard */; };
		ED657364211F510A001C9690 /* Assets.xcassets in Resources */ = {isa = PBXBuildFile; fileRef = ED657363211F510A001C9690 /* Assets.xcassets */; };
		ED657367211F510A001C9690 /* LaunchScreen.storyboard in Resources */ = {isa = PBXBuildFile; fileRef = ED657365211F510A001C9690 /* LaunchScreen.storyboard */; };
		ED657372211F510A001C9690 /* BlockyTests.swift in Sources */ = {isa = PBXBuildFile; fileRef = ED657371211F510A001C9690 /* BlockyTests.swift */; };
		ED65737D211F510A001C9690 /* BlockyUITests.swift in Sources */ = {isa = PBXBuildFile; fileRef = ED65737C211F510A001C9690 /* BlockyUITests.swift */; };
		ED65738C211F5706001C9690 /* SceneController.swift in Sources */ = {isa = PBXBuildFile; fileRef = ED65738B211F5706001C9690 /* SceneController.swift */; };
		ED65738F211F58AC001C9690 /* Block.swift in Sources */ = {isa = PBXBuildFile; fileRef = ED65738E211F58AC001C9690 /* Block.swift */; };
		ED657391211F58D9001C9690 /* Blocky.swift in Sources */ = {isa = PBXBuildFile; fileRef = ED657390211F58D9001C9690 /* Blocky.swift */; };
		ED657393211F597F001C9690 /* Enemy.swift in Sources */ = {isa = PBXBuildFile; fileRef = ED657392211F597F001C9690 /* Enemy.swift */; };
		ED657395211F59B9001C9690 /* Food.swift in Sources */ = {isa = PBXBuildFile; fileRef = ED657394211F59B9001C9690 /* Food.swift */; };
		ED657397211F59CD001C9690 /* Level.swift in Sources */ = {isa = PBXBuildFile; fileRef = ED657396211F59CD001C9690 /* Level.swift */; };
		ED657399211F5BF1001C9690 /* Database.swift in Sources */ = {isa = PBXBuildFile; fileRef = ED657398211F5BF1001C9690 /* Database.swift */; };
		ED65739C211F5CA4001C9690 /* libsqlite3.tbd in Frameworks */ = {isa = PBXBuildFile; fileRef = ED65739B211F5CA4001C9690 /* libsqlite3.tbd */; };
		ED65739F211F5CDE001C9690 /* AnimationFactory.swift in Sources */ = {isa = PBXBuildFile; fileRef = ED65739E211F5CDE001C9690 /* AnimationFactory.swift */; };
		ED6573A1211F5D22001C9690 /* Direction.swift in Sources */ = {isa = PBXBuildFile; fileRef = ED6573A0211F5D22001C9690 /* Direction.swift */; };
		ED6573A3211F5D64001C9690 /* Control.swift in Sources */ = {isa = PBXBuildFile; fileRef = ED6573A2211F5D64001C9690 /* Control.swift */; };
		ED6573A5211F5D7C001C9690 /* LevelCell.swift in Sources */ = {isa = PBXBuildFile; fileRef = ED6573A4211F5D7C001C9690 /* LevelCell.swift */; };
		ED6573A7211F5DC1001C9690 /* SceneFactory.swift in Sources */ = {isa = PBXBuildFile; fileRef = ED6573A6211F5DC1001C9690 /* SceneFactory.swift */; };
		ED6573A9211F5E1C001C9690 /* TriesDatabase.sql in Resources */ = {isa = PBXBuildFile; fileRef = ED6573A8211F5E1C001C9690 /* TriesDatabase.sql */; };
		ED6573AA211F5E1C001C9690 /* TriesDatabase.sql in Resources */ = {isa = PBXBuildFile; fileRef = ED6573A8211F5E1C001C9690 /* TriesDatabase.sql */; };
		ED6573AB211F5E1C001C9690 /* TriesDatabase.sql in Resources */ = {isa = PBXBuildFile; fileRef = ED6573A8211F5E1C001C9690 /* TriesDatabase.sql */; };
		ED6573AD211F643D001C9690 /* MainViewController.swift in Sources */ = {isa = PBXBuildFile; fileRef = ED6573AC211F643D001C9690 /* MainViewController.swift */; };
		ED6573AE211F643D001C9690 /* MainViewController.swift in Sources */ = {isa = PBXBuildFile; fileRef = ED6573AC211F643D001C9690 /* MainViewController.swift */; };
		ED6573AF211F643D001C9690 /* MainViewController.swift in Sources */ = {isa = PBXBuildFile; fileRef = ED6573AC211F643D001C9690 /* MainViewController.swift */; };
		ED6573B1211F67F8001C9690 /* Level4.swift in Sources */ = {isa = PBXBuildFile; fileRef = ED6573B0211F67F8001C9690 /* Level4.swift */; };
		ED6573B3211F6849001C9690 /* Scene4.dae in Resources */ = {isa = PBXBuildFile; fileRef = ED6573B2211F6849001C9690 /* Scene4.dae */; };
		ED6573C2211F7C6E001C9690 /* Level10.swift in Sources */ = {isa = PBXBuildFile; fileRef = ED6573B4211F7C6B001C9690 /* Level10.swift */; };
		ED6573C3211F7C6E001C9690 /* Level14.swift in Sources */ = {isa = PBXBuildFile; fileRef = ED6573B5211F7C6B001C9690 /* Level14.swift */; };
		ED6573C4211F7C6E001C9690 /* Level13.swift in Sources */ = {isa = PBXBuildFile; fileRef = ED6573B6211F7C6B001C9690 /* Level13.swift */; };
		ED6573C5211F7C6E001C9690 /* Level16.swift in Sources */ = {isa = PBXBuildFile; fileRef = ED6573B7211F7C6B001C9690 /* Level16.swift */; };
		ED6573C6211F7C6E001C9690 /* Level18.swift in Sources */ = {isa = PBXBuildFile; fileRef = ED6573B8211F7C6C001C9690 /* Level18.swift */; };
		ED6573C7211F7C6E001C9690 /* Level19.swift in Sources */ = {isa = PBXBuildFile; fileRef = ED6573B9211F7C6C001C9690 /* Level19.swift */; };
		ED6573C8211F7C6E001C9690 /* Level5.swift in Sources */ = {isa = PBXBuildFile; fileRef = ED6573BA211F7C6C001C9690 /* Level5.swift */; };
		ED6573C9211F7C6E001C9690 /* Level8.swift in Sources */ = {isa = PBXBuildFile; fileRef = ED6573BB211F7C6C001C9690 /* Level8.swift */; };
		ED6573CA211F7C6E001C9690 /* Level6.swift in Sources */ = {isa = PBXBuildFile; fileRef = ED6573BC211F7C6C001C9690 /* Level6.swift */; };
		ED6573CB211F7C6E001C9690 /* Level7.swift in Sources */ = {isa = PBXBuildFile; fileRef = ED6573BD211F7C6D001C9690 /* Level7.swift */; };
		ED6573CC211F7C6E001C9690 /* Level12.swift in Sources */ = {isa = PBXBuildFile; fileRef = ED6573BE211F7C6D001C9690 /* Level12.swift */; };
		ED6573CD211F7C6E001C9690 /* Level11.swift in Sources */ = {isa = PBXBuildFile; fileRef = ED6573BF211F7C6D001C9690 /* Level11.swift */; };
		ED6573CE211F7C6E001C9690 /* Level9.swift in Sources */ = {isa = PBXBuildFile; fileRef = ED6573C0211F7C6D001C9690 /* Level9.swift */; };
		ED6573CF211F7C6E001C9690 /* Level15.swift in Sources */ = {isa = PBXBuildFile; fileRef = ED6573C1211F7C6D001C9690 /* Level15.swift */; };
		ED6573E1211F7CA7001C9690 /* Scene17.dae in Resources */ = {isa = PBXBuildFile; fileRef = ED6573D0211F7CA3001C9690 /* Scene17.dae */; };
		ED6573E2211F7CA7001C9690 /* Scene5.dae in Resources */ = {isa = PBXBuildFile; fileRef = ED6573D1211F7CA3001C9690 /* Scene5.dae */; };
		ED6573E3211F7CA7001C9690 /* Scene19.dae in Resources */ = {isa = PBXBuildFile; fileRef = ED6573D2211F7CA4001C9690 /* Scene19.dae */; };
		ED6573E4211F7CA7001C9690 /* Scene3.dae in Resources */ = {isa = PBXBuildFile; fileRef = ED6573D3211F7CA4001C9690 /* Scene3.dae */; };
		ED6573E5211F7CA7001C9690 /* Scene13.dae in Resources */ = {isa = PBXBuildFile; fileRef = ED6573D4211F7CA4001C9690 /* Scene13.dae */; };
		ED6573E6211F7CA7001C9690 /* Scene10.dae in Resources */ = {isa = PBXBuildFile; fileRef = ED6573D5211F7CA4001C9690 /* Scene10.dae */; };
		ED6573E7211F7CA7001C9690 /* Scene14.dae in Resources */ = {isa = PBXBuildFile; fileRef = ED6573D6211F7CA4001C9690 /* Scene14.dae */; };
		ED6573E8211F7CA7001C9690 /* Scene6.dae in Resources */ = {isa = PBXBuildFile; fileRef = ED6573D7211F7CA4001C9690 /* Scene6.dae */; };
		ED6573E9211F7CA7001C9690 /* Scene4.dae in Resources */ = {isa = PBXBuildFile; fileRef = ED6573D8211F7CA5001C9690 /* Scene4.dae */; };
		ED6573EA211F7CA7001C9690 /* Scene7.dae in Resources */ = {isa = PBXBuildFile; fileRef = ED6573D9211F7CA5001C9690 /* Scene7.dae */; };
		ED6573EB211F7CA7001C9690 /* Scene9.dae in Resources */ = {isa = PBXBuildFile; fileRef = ED6573DA211F7CA5001C9690 /* Scene9.dae */; };
		ED6573EC211F7CA7001C9690 /* Scene16.dae in Resources */ = {isa = PBXBuildFile; fileRef = ED6573DB211F7CA5001C9690 /* Scene16.dae */; };
		ED6573ED211F7CA7001C9690 /* Scene8.dae in Resources */ = {isa = PBXBuildFile; fileRef = ED6573DC211F7CA6001C9690 /* Scene8.dae */; };
		ED6573EE211F7CA7001C9690 /* Scene11.dae in Resources */ = {isa = PBXBuildFile; fileRef = ED6573DD211F7CA6001C9690 /* Scene11.dae */; };
		ED6573EF211F7CA7001C9690 /* Scene12.dae in Resources */ = {isa = PBXBuildFile; fileRef = ED6573DE211F7CA6001C9690 /* Scene12.dae */; };
		ED6573F0211F7CA7001C9690 /* Scene18.dae in Resources */ = {isa = PBXBuildFile; fileRef = ED6573DF211F7CA6001C9690 /* Scene18.dae */; };
		ED6573F1211F7CA7001C9690 /* Scene15.dae in Resources */ = {isa = PBXBuildFile; fileRef = ED6573E0211F7CA6001C9690 /* Scene15.dae */; };
/* End PBXBuildFile section */

/* Begin PBXContainerItemProxy section */
		ED65736E211F510A001C9690 /* PBXContainerItemProxy */ = {
			isa = PBXContainerItemProxy;
			containerPortal = ED657351211F5108001C9690 /* Project object */;
			proxyType = 1;
			remoteGlobalIDString = ED657358211F5108001C9690;
			remoteInfo = Blocky;
		};
		ED657379211F510A001C9690 /* PBXContainerItemProxy */ = {
			isa = PBXContainerItemProxy;
			containerPortal = ED657351211F5108001C9690 /* Project object */;
			proxyType = 1;
			remoteGlobalIDString = ED657358211F5108001C9690;
			remoteInfo = Blocky;
		};
/* End PBXContainerItemProxy section */

/* Begin PBXFileReference section */
		ED657359211F5108001C9690 /* Blocky.app */ = {isa = PBXFileReference; explicitFileType = wrapper.application; includeInIndex = 0; path = Blocky.app; sourceTree = BUILT_PRODUCTS_DIR; };
		ED65735C211F5108001C9690 /* AppDelegate.swift */ = {isa = PBXFileReference; lastKnownFileType = sourcecode.swift; path = AppDelegate.swift; sourceTree = "<group>"; };
		ED657361211F5108001C9690 /* Base */ = {isa = PBXFileReference; lastKnownFileType = file.storyboard; name = Base; path = Base.lproj/Main.storyboard; sourceTree = "<group>"; };
		ED657363211F510A001C9690 /* Assets.xcassets */ = {isa = PBXFileReference; lastKnownFileType = folder.assetcatalog; path = Assets.xcassets; sourceTree = "<group>"; };
		ED657366211F510A001C9690 /* Base */ = {isa = PBXFileReference; lastKnownFileType = file.storyboard; name = Base; path = Base.lproj/LaunchScreen.storyboard; sourceTree = "<group>"; };
		ED657368211F510A001C9690 /* Info.plist */ = {isa = PBXFileReference; lastKnownFileType = text.plist.xml; path = Info.plist; sourceTree = "<group>"; };
		ED65736D211F510A001C9690 /* BlockyTests.xctest */ = {isa = PBXFileReference; explicitFileType = wrapper.cfbundle; includeInIndex = 0; path = BlockyTests.xctest; sourceTree = BUILT_PRODUCTS_DIR; };
		ED657371211F510A001C9690 /* BlockyTests.swift */ = {isa = PBXFileReference; lastKnownFileType = sourcecode.swift; path = BlockyTests.swift; sourceTree = "<group>"; };
		ED657373211F510A001C9690 /* Info.plist */ = {isa = PBXFileReference; lastKnownFileType = text.plist.xml; path = Info.plist; sourceTree = "<group>"; };
		ED657378211F510A001C9690 /* BlockyUITests.xctest */ = {isa = PBXFileReference; explicitFileType = wrapper.cfbundle; includeInIndex = 0; path = BlockyUITests.xctest; sourceTree = BUILT_PRODUCTS_DIR; };
		ED65737C211F510A001C9690 /* BlockyUITests.swift */ = {isa = PBXFileReference; lastKnownFileType = sourcecode.swift; path = BlockyUITests.swift; sourceTree = "<group>"; };
		ED65737E211F510A001C9690 /* Info.plist */ = {isa = PBXFileReference; lastKnownFileType = text.plist.xml; path = Info.plist; sourceTree = "<group>"; };
		ED65738B211F5706001C9690 /* SceneController.swift */ = {isa = PBXFileReference; lastKnownFileType = sourcecode.swift; path = SceneController.swift; sourceTree = "<group>"; };
		ED65738E211F58AC001C9690 /* Block.swift */ = {isa = PBXFileReference; lastKnownFileType = sourcecode.swift; path = Block.swift; sourceTree = "<group>"; };
		ED657390211F58D9001C9690 /* Blocky.swift */ = {isa = PBXFileReference; lastKnownFileType = sourcecode.swift; path = Blocky.swift; sourceTree = "<group>"; };
		ED657392211F597F001C9690 /* Enemy.swift */ = {isa = PBXFileReference; lastKnownFileType = sourcecode.swift; path = Enemy.swift; sourceTree = "<group>"; };
		ED657394211F59B9001C9690 /* Food.swift */ = {isa = PBXFileReference; lastKnownFileType = sourcecode.swift; path = Food.swift; sourceTree = "<group>"; };
		ED657396211F59CD001C9690 /* Level.swift */ = {isa = PBXFileReference; lastKnownFileType = sourcecode.swift; path = Level.swift; sourceTree = "<group>"; };
		ED657398211F5BF1001C9690 /* Database.swift */ = {isa = PBXFileReference; lastKnownFileType = sourcecode.swift; path = Database.swift; sourceTree = "<group>"; };
		ED65739B211F5CA4001C9690 /* libsqlite3.tbd */ = {isa = PBXFileReference; lastKnownFileType = "sourcecode.text-based-dylib-definition"; name = libsqlite3.tbd; path = usr/lib/libsqlite3.tbd; sourceTree = SDKROOT; };
		ED65739E211F5CDE001C9690 /* AnimationFactory.swift */ = {isa = PBXFileReference; lastKnownFileType = sourcecode.swift; path = AnimationFactory.swift; sourceTree = "<group>"; };
		ED6573A0211F5D22001C9690 /* Direction.swift */ = {isa = PBXFileReference; lastKnownFileType = sourcecode.swift; path = Direction.swift; sourceTree = "<group>"; };
		ED6573A2211F5D64001C9690 /* Control.swift */ = {isa = PBXFileReference; lastKnownFileType = sourcecode.swift; path = Control.swift; sourceTree = "<group>"; };
		ED6573A4211F5D7C001C9690 /* LevelCell.swift */ = {isa = PBXFileReference; lastKnownFileType = sourcecode.swift; path = LevelCell.swift; sourceTree = "<group>"; };
		ED6573A6211F5DC1001C9690 /* SceneFactory.swift */ = {isa = PBXFileReference; lastKnownFileType = sourcecode.swift; path = SceneFactory.swift; sourceTree = "<group>"; };
		ED6573A8211F5E1C001C9690 /* TriesDatabase.sql */ = {isa = PBXFileReference; lastKnownFileType = file; path = TriesDatabase.sql; sourceTree = "<group>"; };
		ED6573AC211F643D001C9690 /* MainViewController.swift */ = {isa = PBXFileReference; lastKnownFileType = sourcecode.swift; path = MainViewController.swift; sourceTree = "<group>"; };
		ED6573B0211F67F8001C9690 /* Level4.swift */ = {isa = PBXFileReference; fileEncoding = 4; lastKnownFileType = sourcecode.swift; path = Level4.swift; sourceTree = "<group>"; };
		ED6573B2211F6849001C9690 /* Scene4.dae */ = {isa = PBXFileReference; fileEncoding = 4; lastKnownFileType = text.xml.dae; path = Scene4.dae; sourceTree = "<group>"; };
		ED6573B4211F7C6B001C9690 /* Level10.swift */ = {isa = PBXFileReference; fileEncoding = 4; lastKnownFileType = sourcecode.swift; path = Level10.swift; sourceTree = "<group>"; };
		ED6573B5211F7C6B001C9690 /* Level14.swift */ = {isa = PBXFileReference; fileEncoding = 4; lastKnownFileType = sourcecode.swift; path = Level14.swift; sourceTree = "<group>"; };
		ED6573B6211F7C6B001C9690 /* Level13.swift */ = {isa = PBXFileReference; fileEncoding = 4; lastKnownFileType = sourcecode.swift; path = Level13.swift; sourceTree = "<group>"; };
		ED6573B7211F7C6B001C9690 /* Level16.swift */ = {isa = PBXFileReference; fileEncoding = 4; lastKnownFileType = sourcecode.swift; path = Level16.swift; sourceTree = "<group>"; };
		ED6573B8211F7C6C001C9690 /* Level18.swift */ = {isa = PBXFileReference; fileEncoding = 4; lastKnownFileType = sourcecode.swift; path = Level18.swift; sourceTree = "<group>"; };
		ED6573B9211F7C6C001C9690 /* Level19.swift */ = {isa = PBXFileReference; fileEncoding = 4; lastKnownFileType = sourcecode.swift; path = Level19.swift; sourceTree = "<group>"; };
		ED6573BA211F7C6C001C9690 /* Level5.swift */ = {isa = PBXFileReference; fileEncoding = 4; lastKnownFileType = sourcecode.swift; path = Level5.swift; sourceTree = "<group>"; };
		ED6573BB211F7C6C001C9690 /* Level8.swift */ = {isa = PBXFileReference; fileEncoding = 4; lastKnownFileType = sourcecode.swift; path = Level8.swift; sourceTree = "<group>"; };
		ED6573BC211F7C6C001C9690 /* Level6.swift */ = {isa = PBXFileReference; fileEncoding = 4; lastKnownFileType = sourcecode.swift; path = Level6.swift; sourceTree = "<group>"; };
		ED6573BD211F7C6D001C9690 /* Level7.swift */ = {isa = PBXFileReference; fileEncoding = 4; lastKnownFileType = sourcecode.swift; path = Level7.swift; sourceTree = "<group>"; };
		ED6573BE211F7C6D001C9690 /* Level12.swift */ = {isa = PBXFileReference; fileEncoding = 4; lastKnownFileType = sourcecode.swift; path = Level12.swift; sourceTree = "<group>"; };
		ED6573BF211F7C6D001C9690 /* Level11.swift */ = {isa = PBXFileReference; fileEncoding = 4; lastKnownFileType = sourcecode.swift; path = Level11.swift; sourceTree = "<group>"; };
		ED6573C0211F7C6D001C9690 /* Level9.swift */ = {isa = PBXFileReference; fileEncoding = 4; lastKnownFileType = sourcecode.swift; path = Level9.swift; sourceTree = "<group>"; };
		ED6573C1211F7C6D001C9690 /* Level15.swift */ = {isa = PBXFileReference; fileEncoding = 4; lastKnownFileType = sourcecode.swift; path = Level15.swift; sourceTree = "<group>"; };
		ED6573D0211F7CA3001C9690 /* Scene17.dae */ = {isa = PBXFileReference; fileEncoding = 4; lastKnownFileType = text.xml.dae; path = Scene17.dae; sourceTree = "<group>"; };
		ED6573D1211F7CA3001C9690 /* Scene5.dae */ = {isa = PBXFileReference; fileEncoding = 4; lastKnownFileType = text.xml.dae; path = Scene5.dae; sourceTree = "<group>"; };
		ED6573D2211F7CA4001C9690 /* Scene19.dae */ = {isa = PBXFileReference; fileEncoding = 4; lastKnownFileType = text.xml.dae; path = Scene19.dae; sourceTree = "<group>"; };
		ED6573D3211F7CA4001C9690 /* Scene3.dae */ = {isa = PBXFileReference; fileEncoding = 4; lastKnownFileType = text.xml.dae; path = Scene3.dae; sourceTree = "<group>"; };
		ED6573D4211F7CA4001C9690 /* Scene13.dae */ = {isa = PBXFileReference; fileEncoding = 4; lastKnownFileType = text.xml.dae; path = Scene13.dae; sourceTree = "<group>"; };
		ED6573D5211F7CA4001C9690 /* Scene10.dae */ = {isa = PBXFileReference; fileEncoding = 4; lastKnownFileType = text.xml.dae; path = Scene10.dae; sourceTree = "<group>"; };
		ED6573D6211F7CA4001C9690 /* Scene14.dae */ = {isa = PBXFileReference; fileEncoding = 4; lastKnownFileType = text.xml.dae; path = Scene14.dae; sourceTree = "<group>"; };
		ED6573D7211F7CA4001C9690 /* Scene6.dae */ = {isa = PBXFileReference; fileEncoding = 4; lastKnownFileType = text.xml.dae; path = Scene6.dae; sourceTree = "<group>"; };
		ED6573D8211F7CA5001C9690 /* Scene4.dae */ = {isa = PBXFileReference; fileEncoding = 4; lastKnownFileType = text.xml.dae; name = Scene4.dae; path = ../../../Apps/Blocky/Resources/Scenes/Scene4.dae; sourceTree = "<group>"; };
		ED6573D9211F7CA5001C9690 /* Scene7.dae */ = {isa = PBXFileReference; fileEncoding = 4; lastKnownFileType = text.xml.dae; path = Scene7.dae; sourceTree = "<group>"; };
		ED6573DA211F7CA5001C9690 /* Scene9.dae */ = {isa = PBXFileReference; fileEncoding = 4; lastKnownFileType = text.xml.dae; path = Scene9.dae; sourceTree = "<group>"; };
		ED6573DB211F7CA5001C9690 /* Scene16.dae */ = {isa = PBXFileReference; fileEncoding = 4; lastKnownFileType = text.xml.dae; path = Scene16.dae; sourceTree = "<group>"; };
		ED6573DC211F7CA6001C9690 /* Scene8.dae */ = {isa = PBXFileReference; fileEncoding = 4; lastKnownFileType = text.xml.dae; path = Scene8.dae; sourceTree = "<group>"; };
		ED6573DD211F7CA6001C9690 /* Scene11.dae */ = {isa = PBXFileReference; fileEncoding = 4; lastKnownFileType = text.xml.dae; path = Scene11.dae; sourceTree = "<group>"; };
		ED6573DE211F7CA6001C9690 /* Scene12.dae */ = {isa = PBXFileReference; fileEncoding = 4; lastKnownFileType = text.xml.dae; path = Scene12.dae; sourceTree = "<group>"; };
		ED6573DF211F7CA6001C9690 /* Scene18.dae */ = {isa = PBXFileReference; fileEncoding = 4; lastKnownFileType = text.xml.dae; path = Scene18.dae; sourceTree = "<group>"; };
		ED6573E0211F7CA6001C9690 /* Scene15.dae */ = {isa = PBXFileReference; fileEncoding = 4; lastKnownFileType = text.xml.dae; path = Scene15.dae; sourceTree = "<group>"; };
/* End PBXFileReference section */

/* Begin PBXFrameworksBuildPhase section */
		ED657356211F5108001C9690 /* Frameworks */ = {
			isa = PBXFrameworksBuildPhase;
			buildActionMask = 2147483647;
			files = (
				ED65739C211F5CA4001C9690 /* libsqlite3.tbd in Frameworks */,
			);
			runOnlyForDeploymentPostprocessing = 0;
		};
		ED65736A211F510A001C9690 /* Frameworks */ = {
			isa = PBXFrameworksBuildPhase;
			buildActionMask = 2147483647;
			files = (
			);
			runOnlyForDeploymentPostprocessing = 0;
		};
		ED657375211F510A001C9690 /* Frameworks */ = {
			isa = PBXFrameworksBuildPhase;
			buildActionMask = 2147483647;
			files = (
			);
			runOnlyForDeploymentPostprocessing = 0;
		};
/* End PBXFrameworksBuildPhase section */

/* Begin PBXGroup section */
		ED657350211F5108001C9690 = {
			isa = PBXGroup;
			children = (
				ED65735B211F5108001C9690 /* Blocky */,
				ED657370211F510A001C9690 /* BlockyTests */,
				ED65737B211F510A001C9690 /* BlockyUITests */,
				ED65735A211F5108001C9690 /* Products */,
				ED65739A211F5CA4001C9690 /* Frameworks */,
			);
			sourceTree = "<group>";
		};
		ED65735A211F5108001C9690 /* Products */ = {
			isa = PBXGroup;
			children = (
				ED657359211F5108001C9690 /* Blocky.app */,
				ED65736D211F510A001C9690 /* BlockyTests.xctest */,
				ED657378211F510A001C9690 /* BlockyUITests.xctest */,
			);
			name = Products;
			sourceTree = "<group>";
		};
		ED65735B211F5108001C9690 /* Blocky */ = {
			isa = PBXGroup;
			children = (
				ED65735C211F5108001C9690 /* AppDelegate.swift */,
				ED657360211F5108001C9690 /* Main.storyboard */,
				ED6573AC211F643D001C9690 /* MainViewController.swift */,
				ED65738B211F5706001C9690 /* SceneController.swift */,
				ED657398211F5BF1001C9690 /* Database.swift */,
				ED65739E211F5CDE001C9690 /* AnimationFactory.swift */,
				ED65738D211F5893001C9690 /* Scene */,
				ED657363211F510A001C9690 /* Assets.xcassets */,
				ED657365211F510A001C9690 /* LaunchScreen.storyboard */,
				ED657368211F510A001C9690 /* Info.plist */,
				ED65738A211F56E3001C9690 /* Scenes */,
				ED6573A0211F5D22001C9690 /* Direction.swift */,
				ED6573A2211F5D64001C9690 /* Control.swift */,
				ED6573A4211F5D7C001C9690 /* LevelCell.swift */,
				ED6573B0211F67F8001C9690 /* Level4.swift */,
				ED6573BA211F7C6C001C9690 /* Level5.swift */,
				ED6573BC211F7C6C001C9690 /* Level6.swift */,
				ED6573BD211F7C6D001C9690 /* Level7.swift */,
				ED6573BB211F7C6C001C9690 /* Level8.swift */,
				ED6573C0211F7C6D001C9690 /* Level9.swift */,
				ED6573B4211F7C6B001C9690 /* Level10.swift */,
				ED6573BF211F7C6D001C9690 /* Level11.swift */,
				ED6573BE211F7C6D001C9690 /* Level12.swift */,
				ED6573B6211F7C6B001C9690 /* Level13.swift */,
				ED6573B5211F7C6B001C9690 /* Level14.swift */,
				ED6573C1211F7C6D001C9690 /* Level15.swift */,
				ED6573B7211F7C6B001C9690 /* Level16.swift */,
				ED6573B8211F7C6C001C9690 /* Level18.swift */,
				ED6573B9211F7C6C001C9690 /* Level19.swift */,
				ED6573B2211F6849001C9690 /* Scene4.dae */,
				ED6573D3211F7CA4001C9690 /* Scene3.dae */,
				ED6573D8211F7CA5001C9690 /* Scene4.dae */,
				ED6573D1211F7CA3001C9690 /* Scene5.dae */,
				ED6573D7211F7CA4001C9690 /* Scene6.dae */,
				ED6573D9211F7CA5001C9690 /* Scene7.dae */,
				ED6573DC211F7CA6001C9690 /* Scene8.dae */,
				ED6573DA211F7CA5001C9690 /* Scene9.dae */,
				ED6573D5211F7CA4001C9690 /* Scene10.dae */,
				ED6573DD211F7CA6001C9690 /* Scene11.dae */,
				ED6573DE211F7CA6001C9690 /* Scene12.dae */,
				ED6573D4211F7CA4001C9690 /* Scene13.dae */,
				ED6573D6211F7CA4001C9690 /* Scene14.dae */,
				ED6573E0211F7CA6001C9690 /* Scene15.dae */,
				ED6573DB211F7CA5001C9690 /* Scene16.dae */,
				ED6573D0211F7CA3001C9690 /* Scene17.dae */,
				ED6573DF211F7CA6001C9690 /* Scene18.dae */,
				ED6573D2211F7CA4001C9690 /* Scene19.dae */,
				ED6573A8211F5E1C001C9690 /* TriesDatabase.sql */,
			);
			path = Blocky;
			sourceTree = "<group>";
		};
		ED657370211F510A001C9690 /* BlockyTests */ = {
			isa = PBXGroup;
			children = (
				ED657371211F510A001C9690 /* BlockyTests.swift */,
				ED657373211F510A001C9690 /* Info.plist */,
			);
			path = BlockyTests;
			sourceTree = "<group>";
		};
		ED65737B211F510A001C9690 /* BlockyUITests */ = {
			isa = PBXGroup;
			children = (
				ED65737C211F510A001C9690 /* BlockyUITests.swift */,
				ED65737E211F510A001C9690 /* Info.plist */,
			);
			path = BlockyUITests;
			sourceTree = "<group>";
		};
		ED65738A211F56E3001C9690 /* Scenes */ = {
			isa = PBXGroup;
			children = (
			);
			path = Scenes;
			sourceTree = "<group>";
		};
		ED65738D211F5893001C9690 /* Scene */ = {
			isa = PBXGroup;
			children = (
				ED6573A6211F5DC1001C9690 /* SceneFactory.swift */,
				ED65738E211F58AC001C9690 /* Block.swift */,
				ED657390211F58D9001C9690 /* Blocky.swift */,
				ED657392211F597F001C9690 /* Enemy.swift */,
				ED657394211F59B9001C9690 /* Food.swift */,
				ED657396211F59CD001C9690 /* Level.swift */,
			);
			path = Scene;
			sourceTree = "<group>";
		};
		ED65739A211F5CA4001C9690 /* Frameworks */ = {
			isa = PBXGroup;
			children = (
				ED65739B211F5CA4001C9690 /* libsqlite3.tbd */,
			);
			name = Frameworks;
			sourceTree = "<group>";
		};
/* End PBXGroup section */

/* Begin PBXNativeTarget section */
		ED657358211F5108001C9690 /* Blocky */ = {
			isa = PBXNativeTarget;
			buildConfigurationList = ED657381211F510A001C9690 /* Build configuration list for PBXNativeTarget "Blocky" */;
			buildPhases = (
				ED657355211F5108001C9690 /* Sources */,
				ED657356211F5108001C9690 /* Frameworks */,
				ED657357211F5108001C9690 /* Resources */,
			);
			buildRules = (
			);
			dependencies = (
			);
			name = Blocky;
			productName = Blocky;
			productReference = ED657359211F5108001C9690 /* Blocky.app */;
			productType = "com.apple.product-type.application";
		};
		ED65736C211F510A001C9690 /* BlockyTests */ = {
			isa = PBXNativeTarget;
			buildConfigurationList = ED657384211F510A001C9690 /* Build configuration list for PBXNativeTarget "BlockyTests" */;
			buildPhases = (
				ED657369211F510A001C9690 /* Sources */,
				ED65736A211F510A001C9690 /* Frameworks */,
				ED65736B211F510A001C9690 /* Resources */,
			);
			buildRules = (
			);
			dependencies = (
				ED65736F211F510A001C9690 /* PBXTargetDependency */,
			);
			name = BlockyTests;
			productName = BlockyTests;
			productReference = ED65736D211F510A001C9690 /* BlockyTests.xctest */;
			productType = "com.apple.product-type.bundle.unit-test";
		};
		ED657377211F510A001C9690 /* BlockyUITests */ = {
			isa = PBXNativeTarget;
			buildConfigurationList = ED657387211F510A001C9690 /* Build configuration list for PBXNativeTarget "BlockyUITests" */;
			buildPhases = (
				ED657374211F510A001C9690 /* Sources */,
				ED657375211F510A001C9690 /* Frameworks */,
				ED657376211F510A001C9690 /* Resources */,
			);
			buildRules = (
			);
			dependencies = (
				ED65737A211F510A001C9690 /* PBXTargetDependency */,
			);
			name = BlockyUITests;
			productName = BlockyUITests;
			productReference = ED657378211F510A001C9690 /* BlockyUITests.xctest */;
			productType = "com.apple.product-type.bundle.ui-testing";
		};
/* End PBXNativeTarget section */

/* Begin PBXProject section */
		ED657351211F5108001C9690 /* Project object */ = {
			isa = PBXProject;
			attributes = {
				LastSwiftUpdateCheck = 0940;
				LastUpgradeCheck = 0940;
				ORGANIZATIONNAME = Lodewijck;
				TargetAttributes = {
					ED657358211F5108001C9690 = {
						CreatedOnToolsVersion = 9.4;
					};
					ED65736C211F510A001C9690 = {
						CreatedOnToolsVersion = 9.4;
						TestTargetID = ED657358211F5108001C9690;
					};
					ED657377211F510A001C9690 = {
						CreatedOnToolsVersion = 9.4;
						TestTargetID = ED657358211F5108001C9690;
					};
				};
			};
			buildConfigurationList = ED657354211F5108001C9690 /* Build configuration list for PBXProject "Blocky" */;
			compatibilityVersion = "Xcode 9.3";
			developmentRegion = en;
			hasScannedForEncodings = 0;
			knownRegions = (
				en,
				Base,
			);
			mainGroup = ED657350211F5108001C9690;
			productRefGroup = ED65735A211F5108001C9690 /* Products */;
			projectDirPath = "";
			projectRoot = "";
			targets = (
				ED657358211F5108001C9690 /* Blocky */,
				ED65736C211F510A001C9690 /* BlockyTests */,
				ED657377211F510A001C9690 /* BlockyUITests */,
			);
		};
/* End PBXProject section */

/* Begin PBXResourcesBuildPhase section */
		ED657357211F5108001C9690 /* Resources */ = {
			isa = PBXResourcesBuildPhase;
			buildActionMask = 2147483647;
			files = (
				ED6573EF211F7CA7001C9690 /* Scene12.dae in Resources */,
				ED657367211F510A001C9690 /* LaunchScreen.storyboard in Resources */,
				ED6573B3211F6849001C9690 /* Scene4.dae in Resources */,
				ED6573E7211F7CA7001C9690 /* Scene14.dae in Resources */,
				ED6573E2211F7CA7001C9690 /* Scene5.dae in Resources */,
				ED6573F1211F7CA7001C9690 /* Scene15.dae in Resources */,
				ED6573ED211F7CA7001C9690 /* Scene8.dae in Resources */,
				ED6573E3211F7CA7001C9690 /* Scene19.dae in Resources */,
				ED6573E6211F7CA7001C9690 /* Scene10.dae in Resources */,
				ED657364211F510A001C9690 /* Assets.xcassets in Resources */,
				ED6573E8211F7CA7001C9690 /* Scene6.dae in Resources */,
				ED657362211F5108001C9690 /* Main.storyboard in Resources */,
				ED6573EB211F7CA7001C9690 /* Scene9.dae in Resources */,
				ED6573E4211F7CA7001C9690 /* Scene3.dae in Resources */,
				ED6573E9211F7CA7001C9690 /* Scene4.dae in Resources */,
				ED6573F0211F7CA7001C9690 /* Scene18.dae in Resources */,
				ED6573EC211F7CA7001C9690 /* Scene16.dae in Resources */,
				ED6573EA211F7CA7001C9690 /* Scene7.dae in Resources */,
				ED6573EE211F7CA7001C9690 /* Scene11.dae in Resources */,
				ED6573A9211F5E1C001C9690 /* TriesDatabase.sql in Resources */,
				ED6573E1211F7CA7001C9690 /* Scene17.dae in Resources */,
				ED6573E5211F7CA7001C9690 /* Scene13.dae in Resources */,
			);
			runOnlyForDeploymentPostprocessing = 0;
		};
		ED65736B211F510A001C9690 /* Resources */ = {
			isa = PBXResourcesBuildPhase;
			buildActionMask = 2147483647;
			files = (
				ED6573AA211F5E1C001C9690 /* TriesDatabase.sql in Resources */,
			);
			runOnlyForDeploymentPostprocessing = 0;
		};
		ED657376211F510A001C9690 /* Resources */ = {
			isa = PBXResourcesBuildPhase;
			buildActionMask = 2147483647;
			files = (
				ED6573AB211F5E1C001C9690 /* TriesDatabase.sql in Resources */,
			);
			runOnlyForDeploymentPostprocessing = 0;
		};
/* End PBXResourcesBuildPhase section */

/* Begin PBXSourcesBuildPhase section */
		ED657355211F5108001C9690 /* Sources */ = {
			isa = PBXSourcesBuildPhase;
			buildActionMask = 2147483647;
			files = (
				ED6573B1211F67F8001C9690 /* Level4.swift in Sources */,
				ED6573C5211F7C6E001C9690 /* Level16.swift in Sources */,
				ED6573C2211F7C6E001C9690 /* Level10.swift in Sources */,
				ED6573A5211F5D7C001C9690 /* LevelCell.swift in Sources */,
				ED6573C9211F7C6E001C9690 /* Level8.swift in Sources */,
				ED6573CB211F7C6E001C9690 /* Level7.swift in Sources */,
				ED657395211F59B9001C9690 /* Food.swift in Sources */,
				ED6573CD211F7C6E001C9690 /* Level11.swift in Sources */,
				ED65738F211F58AC001C9690 /* Block.swift in Sources */,
				ED657393211F597F001C9690 /* Enemy.swift in Sources */,
				ED657391211F58D9001C9690 /* Blocky.swift in Sources */,
				ED6573A3211F5D64001C9690 /* Control.swift in Sources */,
				ED6573CE211F7C6E001C9690 /* Level9.swift in Sources */,
				ED65735D211F5108001C9690 /* AppDelegate.swift in Sources */,
				ED6573C7211F7C6E001C9690 /* Level19.swift in Sources */,
				ED6573A1211F5D22001C9690 /* Direction.swift in Sources */,
				ED6573C8211F7C6E001C9690 /* Level5.swift in Sources */,
				ED6573CC211F7C6E001C9690 /* Level12.swift in Sources */,
				ED6573AD211F643D001C9690 /* MainViewController.swift in Sources */,
				ED6573A7211F5DC1001C9690 /* SceneFactory.swift in Sources */,
				ED6573C6211F7C6E001C9690 /* Level18.swift in Sources */,
				ED657399211F5BF1001C9690 /* Database.swift in Sources */,
				ED6573CF211F7C6E001C9690 /* Level15.swift in Sources */,
				ED657397211F59CD001C9690 /* Level.swift in Sources */,
				ED65738C211F5706001C9690 /* SceneController.swift in Sources */,
				ED65739F211F5CDE001C9690 /* AnimationFactory.swift in Sources */,
				ED6573CA211F7C6E001C9690 /* Level6.swift in Sources */,
				ED6573C4211F7C6E001C9690 /* Level13.swift in Sources */,
				ED6573C3211F7C6E001C9690 /* Level14.swift in Sources */,
			);
			runOnlyForDeploymentPostprocessing = 0;
		};
		ED657369211F510A001C9690 /* Sources */ = {
			isa = PBXSourcesBuildPhase;
			buildActionMask = 2147483647;
			files = (
				ED657372211F510A001C9690 /* BlockyTests.swift in Sources */,
				ED6573AE211F643D001C9690 /* MainViewController.swift in Sources */,
			);
			runOnlyForDeploymentPostprocessing = 0;
		};
		ED657374211F510A001C9690 /* Sources */ = {
			isa = PBXSourcesBuildPhase;
			buildActionMask = 2147483647;
			files = (
				ED65737D211F510A001C9690 /* BlockyUITests.swift in Sources */,
				ED6573AF211F643D001C9690 /* MainViewController.swift in Sources */,
			);
			runOnlyForDeploymentPostprocessing = 0;
		};
/* End PBXSourcesBuildPhase section */

/* Begin PBXTargetDependency section */
		ED65736F211F510A001C9690 /* PBXTargetDependency */ = {
			isa = PBXTargetDependency;
			target = ED657358211F5108001C9690 /* Blocky */;
			targetProxy = ED65736E211F510A001C9690 /* PBXContainerItemProxy */;
		};
		ED65737A211F510A001C9690 /* PBXTargetDependency */ = {
			isa = PBXTargetDependency;
			target = ED657358211F5108001C9690 /* Blocky */;
			targetProxy = ED657379211F510A001C9690 /* PBXContainerItemProxy */;
		};
/* End PBXTargetDependency section */

/* Begin PBXVariantGroup section */
		ED657360211F5108001C9690 /* Main.storyboard */ = {
			isa = PBXVariantGroup;
			children = (
				ED657361211F5108001C9690 /* Base */,
			);
			name = Main.storyboard;
			sourceTree = "<group>";
		};
		ED657365211F510A001C9690 /* LaunchScreen.storyboard */ = {
			isa = PBXVariantGroup;
			children = (
				ED657366211F510A001C9690 /* Base */,
			);
			name = LaunchScreen.storyboard;
			sourceTree = "<group>";
		};
/* End PBXVariantGroup section */

/* Begin XCBuildConfiguration section */
		ED65737F211F510A001C9690 /* Debug */ = {
			isa = XCBuildConfiguration;
			buildSettings = {
				ALWAYS_SEARCH_USER_PATHS = NO;
				CLANG_ANALYZER_NONNULL = YES;
				CLANG_ANALYZER_NUMBER_OBJECT_CONVERSION = YES_AGGRESSIVE;
				CLANG_CXX_LANGUAGE_STANDARD = "gnu++14";
				CLANG_CXX_LIBRARY = "libc++";
				CLANG_ENABLE_MODULES = YES;
				CLANG_ENABLE_OBJC_ARC = YES;
				CLANG_ENABLE_OBJC_WEAK = YES;
				CLANG_WARN_BLOCK_CAPTURE_AUTORELEASING = YES;
				CLANG_WARN_BOOL_CONVERSION = YES;
				CLANG_WARN_COMMA = YES;
				CLANG_WARN_CONSTANT_CONVERSION = YES;
				CLANG_WARN_DEPRECATED_OBJC_IMPLEMENTATIONS = YES;
				CLANG_WARN_DIRECT_OBJC_ISA_USAGE = YES_ERROR;
				CLANG_WARN_DOCUMENTATION_COMMENTS = YES;
				CLANG_WARN_EMPTY_BODY = YES;
				CLANG_WARN_ENUM_CONVERSION = YES;
				CLANG_WARN_INFINITE_RECURSION = YES;
				CLANG_WARN_INT_CONVERSION = YES;
				CLANG_WARN_NON_LITERAL_NULL_CONVERSION = YES;
				CLANG_WARN_OBJC_IMPLICIT_RETAIN_SELF = YES;
				CLANG_WARN_OBJC_LITERAL_CONVERSION = YES;
				CLANG_WARN_OBJC_ROOT_CLASS = YES_ERROR;
				CLANG_WARN_RANGE_LOOP_ANALYSIS = YES;
				CLANG_WARN_STRICT_PROTOTYPES = YES;
				CLANG_WARN_SUSPICIOUS_MOVE = YES;
				CLANG_WARN_UNGUARDED_AVAILABILITY = YES_AGGRESSIVE;
				CLANG_WARN_UNREACHABLE_CODE = YES;
				CLANG_WARN__DUPLICATE_METHOD_MATCH = YES;
				CODE_SIGN_IDENTITY = "iPhone Developer";
				COPY_PHASE_STRIP = NO;
				DEBUG_INFORMATION_FORMAT = dwarf;
				ENABLE_STRICT_OBJC_MSGSEND = YES;
				ENABLE_TESTABILITY = YES;
				GCC_C_LANGUAGE_STANDARD = gnu11;
				GCC_DYNAMIC_NO_PIC = NO;
				GCC_NO_COMMON_BLOCKS = YES;
				GCC_OPTIMIZATION_LEVEL = 0;
				GCC_PREPROCESSOR_DEFINITIONS = (
					"DEBUG=1",
					"$(inherited)",
				);
				GCC_WARN_64_TO_32_BIT_CONVERSION = YES;
				GCC_WARN_ABOUT_RETURN_TYPE = YES_ERROR;
				GCC_WARN_UNDECLARED_SELECTOR = YES;
				GCC_WARN_UNINITIALIZED_AUTOS = YES_AGGRESSIVE;
				GCC_WARN_UNUSED_FUNCTION = YES;
				GCC_WARN_UNUSED_VARIABLE = YES;
				IPHONEOS_DEPLOYMENT_TARGET = 11.4;
				MTL_ENABLE_DEBUG_INFO = YES;
				ONLY_ACTIVE_ARCH = YES;
				SDKROOT = iphoneos;
				SWIFT_ACTIVE_COMPILATION_CONDITIONS = DEBUG;
				SWIFT_OPTIMIZATION_LEVEL = "-Onone";
			};
			name = Debug;
		};
		ED657380211F510A001C9690 /* Release */ = {
			isa = XCBuildConfiguration;
			buildSettings = {
				ALWAYS_SEARCH_USER_PATHS = NO;
				CLANG_ANALYZER_NONNULL = YES;
				CLANG_ANALYZER_NUMBER_OBJECT_CONVERSION = YES_AGGRESSIVE;
				CLANG_CXX_LANGUAGE_STANDARD = "gnu++14";
				CLANG_CXX_LIBRARY = "libc++";
				CLANG_ENABLE_MODULES = YES;
				CLANG_ENABLE_OBJC_ARC = YES;
				CLANG_ENABLE_OBJC_WEAK = YES;
				CLANG_WARN_BLOCK_CAPTURE_AUTORELEASING = YES;
				CLANG_WARN_BOOL_CONVERSION = YES;
				CLANG_WARN_COMMA = YES;
				CLANG_WARN_CONSTANT_CONVERSION = YES;
				CLANG_WARN_DEPRECATED_OBJC_IMPLEMENTATIONS = YES;
				CLANG_WARN_DIRECT_OBJC_ISA_USAGE = YES_ERROR;
				CLANG_WARN_DOCUMENTATION_COMMENTS = YES;
				CLANG_WARN_EMPTY_BODY = YES;
				CLANG_WARN_ENUM_CONVERSION = YES;
				CLANG_WARN_INFINITE_RECURSION = YES;
				CLANG_WARN_INT_CONVERSION = YES;
				CLANG_WARN_NON_LITERAL_NULL_CONVERSION = YES;
				CLANG_WARN_OBJC_IMPLICIT_RETAIN_SELF = YES;
				CLANG_WARN_OBJC_LITERAL_CONVERSION = YES;
				CLANG_WARN_OBJC_ROOT_CLASS = YES_ERROR;
				CLANG_WARN_RANGE_LOOP_ANALYSIS = YES;
				CLANG_WARN_STRICT_PROTOTYPES = YES;
				CLANG_WARN_SUSPICIOUS_MOVE = YES;
				CLANG_WARN_UNGUARDED_AVAILABILITY = YES_AGGRESSIVE;
				CLANG_WARN_UNREACHABLE_CODE = YES;
				CLANG_WARN__DUPLICATE_METHOD_MATCH = YES;
				CODE_SIGN_IDENTITY = "iPhone Developer";
				COPY_PHASE_STRIP = NO;
				DEBUG_INFORMATION_FORMAT = "dwarf-with-dsym";
				ENABLE_NS_ASSERTIONS = NO;
				ENABLE_STRICT_OBJC_MSGSEND = YES;
				GCC_C_LANGUAGE_STANDARD = gnu11;
				GCC_NO_COMMON_BLOCKS = YES;
				GCC_WARN_64_TO_32_BIT_CONVERSION = YES;
				GCC_WARN_ABOUT_RETURN_TYPE = YES_ERROR;
				GCC_WARN_UNDECLARED_SELECTOR = YES;
				GCC_WARN_UNINITIALIZED_AUTOS = YES_AGGRESSIVE;
				GCC_WARN_UNUSED_FUNCTION = YES;
				GCC_WARN_UNUSED_VARIABLE = YES;
				IPHONEOS_DEPLOYMENT_TARGET = 11.4;
				MTL_ENABLE_DEBUG_INFO = NO;
				SDKROOT = iphoneos;
				SWIFT_COMPILATION_MODE = wholemodule;
				SWIFT_OPTIMIZATION_LEVEL = "-O";
				VALIDATE_PRODUCT = YES;
			};
			name = Release;
		};
		ED657382211F510A001C9690 /* Debug */ = {
			isa = XCBuildConfiguration;
			buildSettings = {
				ASSETCATALOG_COMPILER_APPICON_NAME = AppIcon;
				CODE_SIGN_STYLE = Automatic;
				DEVELOPMENT_TEAM = KYCK2JYUQB;
				INFOPLIST_FILE = Blocky/Info.plist;
				LD_RUNPATH_SEARCH_PATHS = (
					"$(inherited)",
					"@executable_path/Frameworks",
				);
				PRODUCT_BUNDLE_IDENTIFIER = nl.lovocreations.Blocky;
				PRODUCT_NAME = "$(TARGET_NAME)";
				SWIFT_VERSION = 4.0;
				TARGETED_DEVICE_FAMILY = "1,2";
			};
			name = Debug;
		};
		ED657383211F510A001C9690 /* Release */ = {
			isa = XCBuildConfiguration;
			buildSettings = {
				ASSETCATALOG_COMPILER_APPICON_NAME = AppIcon;
				CODE_SIGN_STYLE = Automatic;
				DEVELOPMENT_TEAM = KYCK2JYUQB;
				INFOPLIST_FILE = Blocky/Info.plist;
				LD_RUNPATH_SEARCH_PATHS = (
					"$(inherited)",
					"@executable_path/Frameworks",
				);
				PRODUCT_BUNDLE_IDENTIFIER = nl.lovocreations.Blocky;
				PRODUCT_NAME = "$(TARGET_NAME)";
				SWIFT_VERSION = 4.0;
				TARGETED_DEVICE_FAMILY = "1,2";
			};
			name = Release;
		};
		ED657385211F510A001C9690 /* Debug */ = {
			isa = XCBuildConfiguration;
			buildSettings = {
				ALWAYS_EMBED_SWIFT_STANDARD_LIBRARIES = YES;
				BUNDLE_LOADER = "$(TEST_HOST)";
				CODE_SIGN_STYLE = Automatic;
				DEVELOPMENT_TEAM = KYCK2JYUQB;
				INFOPLIST_FILE = BlockyTests/Info.plist;
				LD_RUNPATH_SEARCH_PATHS = (
					"$(inherited)",
					"@executable_path/Frameworks",
					"@loader_path/Frameworks",
				);
				PRODUCT_BUNDLE_IDENTIFIER = nl.lovocreations.BlockyTests;
				PRODUCT_NAME = "$(TARGET_NAME)";
				SWIFT_VERSION = 4.0;
				TARGETED_DEVICE_FAMILY = "1,2";
				TEST_HOST = "$(BUILT_PRODUCTS_DIR)/Blocky.app/Blocky";
			};
			name = Debug;
		};
		ED657386211F510A001C9690 /* Release */ = {
			isa = XCBuildConfiguration;
			buildSettings = {
				ALWAYS_EMBED_SWIFT_STANDARD_LIBRARIES = YES;
				BUNDLE_LOADER = "$(TEST_HOST)";
				CODE_SIGN_STYLE = Automatic;
				DEVELOPMENT_TEAM = KYCK2JYUQB;
				INFOPLIST_FILE = BlockyTests/Info.plist;
				LD_RUNPATH_SEARCH_PATHS = (
					"$(inherited)",
					"@executable_path/Frameworks",
					"@loader_path/Frameworks",
				);
				PRODUCT_BUNDLE_IDENTIFIER = nl.lovocreations.BlockyTests;
				PRODUCT_NAME = "$(TARGET_NAME)";
				SWIFT_VERSION = 4.0;
				TARGETED_DEVICE_FAMILY = "1,2";
				TEST_HOST = "$(BUILT_PRODUCTS_DIR)/Blocky.app/Blocky";
			};
			name = Release;
		};
		ED657388211F510A001C9690 /* Debug */ = {
			isa = XCBuildConfiguration;
			buildSettings = {
				ALWAYS_EMBED_SWIFT_STANDARD_LIBRARIES = YES;
				CODE_SIGN_STYLE = Automatic;
				DEVELOPMENT_TEAM = KYCK2JYUQB;
				INFOPLIST_FILE = BlockyUITests/Info.plist;
				LD_RUNPATH_SEARCH_PATHS = (
					"$(inherited)",
					"@executable_path/Frameworks",
					"@loader_path/Frameworks",
				);
				PRODUCT_BUNDLE_IDENTIFIER = nl.lovocreations.BlockyUITests;
				PRODUCT_NAME = "$(TARGET_NAME)";
				SWIFT_VERSION = 4.0;
				TARGETED_DEVICE_FAMILY = "1,2";
				TEST_TARGET_NAME = Blocky;
			};
			name = Debug;
		};
		ED657389211F510A001C9690 /* Release */ = {
			isa = XCBuildConfiguration;
			buildSettings = {
				ALWAYS_EMBED_SWIFT_STANDARD_LIBRARIES = YES;
				CODE_SIGN_STYLE = Automatic;
				DEVELOPMENT_TEAM = KYCK2JYUQB;
				INFOPLIST_FILE = BlockyUITests/Info.plist;
				LD_RUNPATH_SEARCH_PATHS = (
					"$(inherited)",
					"@executable_path/Frameworks",
					"@loader_path/Frameworks",
				);
				PRODUCT_BUNDLE_IDENTIFIER = nl.lovocreations.BlockyUITests;
				PRODUCT_NAME = "$(TARGET_NAME)";
				SWIFT_VERSION = 4.0;
				TARGETED_DEVICE_FAMILY = "1,2";
				TEST_TARGET_NAME = Blocky;
			};
			name = Release;
		};
/* End XCBuildConfiguration section */

/* Begin XCConfigurationList section */
		ED657354211F5108001C9690 /* Build configuration list for PBXProject "Blocky" */ = {
			isa = XCConfigurationList;
			buildConfigurations = (
				ED65737F211F510A001C9690 /* Debug */,
				ED657380211F510A001C9690 /* Release */,
			);
			defaultConfigurationIsVisible = 0;
			defaultConfigurationName = Release;
		};
		ED657381211F510A001C9690 /* Build configuration list for PBXNativeTarget "Blocky" */ = {
			isa = XCConfigurationList;
			buildConfigurations = (
				ED657382211F510A001C9690 /* Debug */,
				ED657383211F510A001C9690 /* Release */,
			);
			defaultConfigurationIsVisible = 0;
			defaultConfigurationName = Release;
		};
		ED657384211F510A001C9690 /* Build configuration list for PBXNativeTarget "BlockyTests" */ = {
			isa = XCConfigurationList;
			buildConfigurations = (
				ED657385211F510A001C9690 /* Debug */,
				ED657386211F510A001C9690 /* Release */,
			);
			defaultConfigurationIsVisible = 0;
			defaultConfigurationName = Release;
		};
		ED657387211F510A001C9690 /* Build configuration list for PBXNativeTarget "BlockyUITests" */ = {
			isa = XCConfigurationList;
			buildConfigurations = (
				ED657388211F510A001C9690 /* Debug */,
				ED657389211F510A001C9690 /* Release */,
			);
			defaultConfigurationIsVisible = 0;
			defaultConfigurationName = Release;
		};
/* End XCConfigurationList section */
	};
	rootObject = ED657351211F5108001C9690 /* Project object */;
}
