// !$*UTF8*$!
{
	archiveVersion = 1;
	classes = {
	};
	objectVersion = 46;
	objects = {

/* Begin PBXBuildFile section */
		A9080BC0199D0A5900BA37C4 /* Level7.swift in Sources */ = {isa = PBXBuildFile; fileRef = A9080BBF199D0A5900BA37C4 /* Level7.swift */; };
		A9080BC2199D281800BA37C4 /* Food.swift in Sources */ = {isa = PBXBuildFile; fileRef = A9080BC1199D281800BA37C4 /* Food.swift */; };
		A90915A8198D435A00F33EED /* Level5.swift in Sources */ = {isa = PBXBuildFile; fileRef = A90915A7198D435A00F33EED /* Level5.swift */; };
		A90B24D91C2D9A5700C0D32A /* Level.swift in Sources */ = {isa = PBXBuildFile; fileRef = A90B24D81C2D9A5700C0D32A /* Level.swift */; };
		A90B3A671C29953700E074D6 /* libsqlite3.0.tbd in Frameworks */ = {isa = PBXBuildFile; fileRef = A90B3A661C29953700E074D6 /* libsqlite3.0.tbd */; };
		A91A31C01C428D2E0047F189 /* Control.swift in Sources */ = {isa = PBXBuildFile; fileRef = A91A31BF1C428D2E0047F189 /* Control.swift */; };
		A91F3C7919C5DA6C003E1388 /* Scene18.dae in Resources */ = {isa = PBXBuildFile; fileRef = A91F3C7819C5DA6C003E1388 /* Scene18.dae */; };
		A91F3C7C19C5DB0B003E1388 /* Level18.swift in Sources */ = {isa = PBXBuildFile; fileRef = A91F3C7B19C5DB0B003E1388 /* Level18.swift */; };
		A92455CE19C6286400B661F1 /* Scene19.dae in Resources */ = {isa = PBXBuildFile; fileRef = A92455CD19C6286400B661F1 /* Scene19.dae */; };
		A92455D119C6288000B661F1 /* Level19.swift in Sources */ = {isa = PBXBuildFile; fileRef = A92455D019C6288000B661F1 /* Level19.swift */; };
		A929B05F19A273980059AB1C /* LevelCell.swift in Sources */ = {isa = PBXBuildFile; fileRef = A929B05E19A273980059AB1C /* LevelCell.swift */; };
		A9368FB71976844E00A9BC7D /* AppDelegate.swift in Sources */ = {isa = PBXBuildFile; fileRef = A9368FB61976844E00A9BC7D /* AppDelegate.swift */; };
		A9368FB91976844E00A9BC7D /* MainViewController.swift in Sources */ = {isa = PBXBuildFile; fileRef = A9368FB81976844E00A9BC7D /* MainViewController.swift */; };
		A9368FBC1976844E00A9BC7D /* Main.storyboard in Resources */ = {isa = PBXBuildFile; fileRef = A9368FBA1976844E00A9BC7D /* Main.storyboard */; };
		A9368FBE1976844E00A9BC7D /* Images.xcassets in Resources */ = {isa = PBXBuildFile; fileRef = A9368FBD1976844E00A9BC7D /* Images.xcassets */; };
		A9368FCA1976844E00A9BC7D /* BlockyTests.swift in Sources */ = {isa = PBXBuildFile; fileRef = A9368FC91976844E00A9BC7D /* BlockyTests.swift */; };
		A9368FE119768A0D00A9BC7D /* Direction.swift in Sources */ = {isa = PBXBuildFile; fileRef = A9368FE019768A0D00A9BC7D /* Direction.swift */; };
		A94D7AED198D20010022C5C8 /* Level4.swift in Sources */ = {isa = PBXBuildFile; fileRef = A94D7AEC198D20010022C5C8 /* Level4.swift */; };
		A966F4DE198CEE1000AE3D80 /* SceneFactory.swift in Sources */ = {isa = PBXBuildFile; fileRef = A966F4DD198CEE1000AE3D80 /* SceneFactory.swift */; };
		A966F4EB198D027600AE3D80 /* SceneController.swift in Sources */ = {isa = PBXBuildFile; fileRef = A966F4EA198D027600AE3D80 /* SceneController.swift */; };
		A96B932F1B7E2486006C2642 /* Database.swift in Sources */ = {isa = PBXBuildFile; fileRef = A96B932E1B7E2486006C2642 /* Database.swift */; };
		A989BE5019A76114005B1E14 /* Scene12.dae in Resources */ = {isa = PBXBuildFile; fileRef = A989BE4F19A76114005B1E14 /* Scene12.dae */; };
		A989BE5319A7613E005B1E14 /* Level12.swift in Sources */ = {isa = PBXBuildFile; fileRef = A989BE5219A7613E005B1E14 /* Level12.swift */; };
		A989BE5519A769C6005B1E14 /* Scene13.dae in Resources */ = {isa = PBXBuildFile; fileRef = A989BE5419A769C6005B1E14 /* Scene13.dae */; };
		A989BE5819A769E1005B1E14 /* Level13.swift in Sources */ = {isa = PBXBuildFile; fileRef = A989BE5719A769E1005B1E14 /* Level13.swift */; };
		A989BE5A19A77061005B1E14 /* Scene14.dae in Resources */ = {isa = PBXBuildFile; fileRef = A989BE5919A77061005B1E14 /* Scene14.dae */; };
		A989BE5D19A7707E005B1E14 /* Level14.swift in Sources */ = {isa = PBXBuildFile; fileRef = A989BE5C19A7707E005B1E14 /* Level14.swift */; };
		A989BE6119A77D4F005B1E14 /* Scene15.dae in Resources */ = {isa = PBXBuildFile; fileRef = A989BE6019A77D4F005B1E14 /* Scene15.dae */; };
		A989BE6519A77D74005B1E14 /* Level15.swift in Sources */ = {isa = PBXBuildFile; fileRef = A989BE6419A77D74005B1E14 /* Level15.swift */; };
		A989BE6719A78CF3005B1E14 /* Scene16.dae in Resources */ = {isa = PBXBuildFile; fileRef = A989BE6619A78CF3005B1E14 /* Scene16.dae */; };
		A989BE6A19A78D0A005B1E14 /* Level16.swift in Sources */ = {isa = PBXBuildFile; fileRef = A989BE6919A78D0A005B1E14 /* Level16.swift */; };
		A989BE6C19A7B278005B1E14 /* Scene17.dae in Resources */ = {isa = PBXBuildFile; fileRef = A989BE6B19A7B278005B1E14 /* Scene17.dae */; };
		A989BE6F19A7B30F005B1E14 /* Scene17Controller.swift in Sources */ = {isa = PBXBuildFile; fileRef = A989BE6E19A7B30F005B1E14 /* Scene17Controller.swift */; };
		A997853E19A0A5AA00ACAE69 /* Level9.swift in Sources */ = {isa = PBXBuildFile; fileRef = A997853D19A0A5AA00ACAE69 /* Level9.swift */; };
		A997854319A0AD1700ACAE69 /* Level10.swift in Sources */ = {isa = PBXBuildFile; fileRef = A997854219A0AD1700ACAE69 /* Level10.swift */; };
		A997854819A1014000ACAE69 /* Level11.swift in Sources */ = {isa = PBXBuildFile; fileRef = A997854719A1014000ACAE69 /* Level11.swift */; };
		A9A2E84E1C2C361F0024781D /* TriesDatabase.sql in Resources */ = {isa = PBXBuildFile; fileRef = A9A2E84D1C2C361F0024781D /* TriesDatabase.sql */; };
		A9A2E84F1C2C361F0024781D /* TriesDatabase.sql in Resources */ = {isa = PBXBuildFile; fileRef = A9A2E84D1C2C361F0024781D /* TriesDatabase.sql */; };
		A9AAF0EB199A6BE200689F9D /* Level6.swift in Sources */ = {isa = PBXBuildFile; fileRef = A9AAF0EA199A6BE200689F9D /* Level6.swift */; };
		A9B2B44E1993F50F00D79B05 /* Blocky.swift in Sources */ = {isa = PBXBuildFile; fileRef = A9B2B44D1993F50F00D79B05 /* Blocky.swift */; };
		A9B2B4501993F5FE00D79B05 /* Enemy.swift in Sources */ = {isa = PBXBuildFile; fileRef = A9B2B44F1993F5FE00D79B05 /* Enemy.swift */; };
		A9B2B4521993FBB300D79B05 /* Block.swift in Sources */ = {isa = PBXBuildFile; fileRef = A9B2B4511993FBB300D79B05 /* Block.swift */; };
		A9B2B47F1994378800D79B05 /* AnimationFactory.swift in Sources */ = {isa = PBXBuildFile; fileRef = A9B2B47E1994378800D79B05 /* AnimationFactory.swift */; };
		A9CA14F819A3D652003DA92A /* Scene4.dae in Resources */ = {isa = PBXBuildFile; fileRef = A9CA14F719A3D652003DA92A /* Scene4.dae */; };
		A9CA14FA19A3D669003DA92A /* Scene5.dae in Resources */ = {isa = PBXBuildFile; fileRef = A9CA14F919A3D669003DA92A /* Scene5.dae */; };
		A9CA14FC19A3D674003DA92A /* Scene6.dae in Resources */ = {isa = PBXBuildFile; fileRef = A9CA14FB19A3D674003DA92A /* Scene6.dae */; };
		A9CA14FE19A3D67C003DA92A /* Scene7.dae in Resources */ = {isa = PBXBuildFile; fileRef = A9CA14FD19A3D67C003DA92A /* Scene7.dae */; };
		A9CA150019A3D682003DA92A /* Scene8.dae in Resources */ = {isa = PBXBuildFile; fileRef = A9CA14FF19A3D682003DA92A /* Scene8.dae */; };
		A9CA150219A3D68A003DA92A /* Scene9.dae in Resources */ = {isa = PBXBuildFile; fileRef = A9CA150119A3D68A003DA92A /* Scene9.dae */; };
		A9CA150419A3D695003DA92A /* Scene10.dae in Resources */ = {isa = PBXBuildFile; fileRef = A9CA150319A3D695003DA92A /* Scene10.dae */; };
		A9CA150619A3D69C003DA92A /* Scene11.dae in Resources */ = {isa = PBXBuildFile; fileRef = A9CA150519A3D69C003DA92A /* Scene11.dae */; };
		A9DC3EF1199F758F00CF2068 /* Level8.swift in Sources */ = {isa = PBXBuildFile; fileRef = A9DC3EF0199F758F00CF2068 /* Level8.swift */; };
/* End PBXBuildFile section */

/* Begin PBXContainerItemProxy section */
		A9368FC41976844E00A9BC7D /* PBXContainerItemProxy */ = {
			isa = PBXContainerItemProxy;
			containerPortal = A9368FA91976844E00A9BC7D /* Project object */;
			proxyType = 1;
			remoteGlobalIDString = A9368FB01976844E00A9BC7D;
			remoteInfo = Blocky;
		};
/* End PBXContainerItemProxy section */

/* Begin PBXFileReference section */
		A9080BBF199D0A5900BA37C4 /* Level7.swift */ = {isa = PBXFileReference; fileEncoding = 4; lastKnownFileType = sourcecode.swift; path = Level7.swift; sourceTree = "<group>"; };
		A9080BC1199D281800BA37C4 /* Food.swift */ = {isa = PBXFileReference; fileEncoding = 4; lastKnownFileType = sourcecode.swift; path = Food.swift; sourceTree = "<group>"; };
		A90915A7198D435A00F33EED /* Level5.swift */ = {isa = PBXFileReference; fileEncoding = 4; lastKnownFileType = sourcecode.swift; path = Level5.swift; sourceTree = "<group>"; };
		A90B24D81C2D9A5700C0D32A /* Level.swift */ = {isa = PBXFileReference; fileEncoding = 4; lastKnownFileType = sourcecode.swift; path = Level.swift; sourceTree = "<group>"; };
		A90B3A661C29953700E074D6 /* libsqlite3.0.tbd */ = {isa = PBXFileReference; lastKnownFileType = "sourcecode.text-based-dylib-definition"; name = libsqlite3.0.tbd; path = usr/lib/libsqlite3.0.tbd; sourceTree = SDKROOT; };
		A91A31BF1C428D2E0047F189 /* Control.swift */ = {isa = PBXFileReference; fileEncoding = 4; lastKnownFileType = sourcecode.swift; path = Control.swift; sourceTree = "<group>"; };
		A91F3C7819C5DA6C003E1388 /* Scene18.dae */ = {isa = PBXFileReference; fileEncoding = 4; lastKnownFileType = text.xml.dae; name = Scene18.dae; path = Resources/Scenes/Scene18.dae; sourceTree = SOURCE_ROOT; };
		A91F3C7B19C5DB0B003E1388 /* Level18.swift */ = {isa = PBXFileReference; fileEncoding = 4; lastKnownFileType = sourcecode.swift; path = Level18.swift; sourceTree = "<group>"; };
		A92455CD19C6286400B661F1 /* Scene19.dae */ = {isa = PBXFileReference; fileEncoding = 4; lastKnownFileType = text.xml.dae; name = Scene19.dae; path = Resources/Scenes/Scene19.dae; sourceTree = SOURCE_ROOT; };
		A92455D019C6288000B661F1 /* Level19.swift */ = {isa = PBXFileReference; fileEncoding = 4; lastKnownFileType = sourcecode.swift; path = Level19.swift; sourceTree = "<group>"; };
		A929B05E19A273980059AB1C /* LevelCell.swift */ = {isa = PBXFileReference; fileEncoding = 4; lastKnownFileType = sourcecode.swift; path = LevelCell.swift; sourceTree = "<group>"; };
		A9368FB11976844E00A9BC7D /* Blocky.app */ = {isa = PBXFileReference; explicitFileType = wrapper.application; includeInIndex = 0; path = Blocky.app; sourceTree = BUILT_PRODUCTS_DIR; };
		A9368FB51976844E00A9BC7D /* Info.plist */ = {isa = PBXFileReference; lastKnownFileType = text.plist.xml; path = Info.plist; sourceTree = "<group>"; };
		A9368FB61976844E00A9BC7D /* AppDelegate.swift */ = {isa = PBXFileReference; lastKnownFileType = sourcecode.swift; path = AppDelegate.swift; sourceTree = "<group>"; };
		A9368FB81976844E00A9BC7D /* MainViewController.swift */ = {isa = PBXFileReference; lastKnownFileType = sourcecode.swift; path = MainViewController.swift; sourceTree = "<group>"; };
		A9368FBB1976844E00A9BC7D /* Base */ = {isa = PBXFileReference; lastKnownFileType = file.storyboard; name = Base; path = Base.lproj/Main.storyboard; sourceTree = "<group>"; };
		A9368FBD1976844E00A9BC7D /* Images.xcassets */ = {isa = PBXFileReference; lastKnownFileType = folder.assetcatalog; path = Images.xcassets; sourceTree = "<group>"; };
		A9368FC31976844E00A9BC7D /* BlockyTests.xctest */ = {isa = PBXFileReference; explicitFileType = wrapper.cfbundle; includeInIndex = 0; path = BlockyTests.xctest; sourceTree = BUILT_PRODUCTS_DIR; };
		A9368FC81976844E00A9BC7D /* Info.plist */ = {isa = PBXFileReference; lastKnownFileType = text.plist.xml; path = Info.plist; sourceTree = "<group>"; };
		A9368FC91976844E00A9BC7D /* BlockyTests.swift */ = {isa = PBXFileReference; lastKnownFileType = sourcecode.swift; path = BlockyTests.swift; sourceTree = "<group>"; };
		A9368FE019768A0D00A9BC7D /* Direction.swift */ = {isa = PBXFileReference; fileEncoding = 4; lastKnownFileType = sourcecode.swift; path = Direction.swift; sourceTree = "<group>"; };
		A94D7AEC198D20010022C5C8 /* Level4.swift */ = {isa = PBXFileReference; fileEncoding = 4; lastKnownFileType = sourcecode.swift; path = Level4.swift; sourceTree = "<group>"; };
		A966F4DD198CEE1000AE3D80 /* SceneFactory.swift */ = {isa = PBXFileReference; fileEncoding = 4; lastKnownFileType = sourcecode.swift; path = SceneFactory.swift; sourceTree = "<group>"; };
		A966F4EA198D027600AE3D80 /* SceneController.swift */ = {isa = PBXFileReference; fileEncoding = 4; lastKnownFileType = sourcecode.swift; path = SceneController.swift; sourceTree = "<group>"; };
		A96B932E1B7E2486006C2642 /* Database.swift */ = {isa = PBXFileReference; fileEncoding = 4; lastKnownFileType = sourcecode.swift; path = Database.swift; sourceTree = "<group>"; };
		A96B93301B7E2568006C2642 /* Blocky-Bridging-Header.h */ = {isa = PBXFileReference; lastKnownFileType = sourcecode.c.h; path = "Blocky-Bridging-Header.h"; sourceTree = "<group>"; };
		A989BE4F19A76114005B1E14 /* Scene12.dae */ = {isa = PBXFileReference; fileEncoding = 4; lastKnownFileType = text.xml.dae; name = Scene12.dae; path = Resources/Scenes/Scene12.dae; sourceTree = SOURCE_ROOT; };
		A989BE5219A7613E005B1E14 /* Level12.swift */ = {isa = PBXFileReference; fileEncoding = 4; lastKnownFileType = sourcecode.swift; path = Level12.swift; sourceTree = "<group>"; };
		A989BE5419A769C6005B1E14 /* Scene13.dae */ = {isa = PBXFileReference; fileEncoding = 4; lastKnownFileType = text.xml.dae; name = Scene13.dae; path = Resources/Scenes/Scene13.dae; sourceTree = SOURCE_ROOT; };
		A989BE5719A769E1005B1E14 /* Level13.swift */ = {isa = PBXFileReference; fileEncoding = 4; lastKnownFileType = sourcecode.swift; path = Level13.swift; sourceTree = "<group>"; };
		A989BE5919A77061005B1E14 /* Scene14.dae */ = {isa = PBXFileReference; fileEncoding = 4; lastKnownFileType = text.xml.dae; name = Scene14.dae; path = Resources/Scenes/Scene14.dae; sourceTree = SOURCE_ROOT; };
		A989BE5C19A7707E005B1E14 /* Level14.swift */ = {isa = PBXFileReference; fileEncoding = 4; lastKnownFileType = sourcecode.swift; path = Level14.swift; sourceTree = "<group>"; };
		A989BE6019A77D4F005B1E14 /* Scene15.dae */ = {isa = PBXFileReference; fileEncoding = 4; lastKnownFileType = text.xml.dae; name = Scene15.dae; path = Resources/Scenes/Scene15.dae; sourceTree = SOURCE_ROOT; };
		A989BE6419A77D74005B1E14 /* Level15.swift */ = {isa = PBXFileReference; fileEncoding = 4; lastKnownFileType = sourcecode.swift; path = Level15.swift; sourceTree = "<group>"; };
		A989BE6619A78CF3005B1E14 /* Scene16.dae */ = {isa = PBXFileReference; fileEncoding = 4; lastKnownFileType = text.xml.dae; name = Scene16.dae; path = Resources/Scenes/Scene16.dae; sourceTree = SOURCE_ROOT; };
		A989BE6919A78D0A005B1E14 /* Level16.swift */ = {isa = PBXFileReference; fileEncoding = 4; lastKnownFileType = sourcecode.swift; path = Level16.swift; sourceTree = "<group>"; };
		A989BE6B19A7B278005B1E14 /* Scene17.dae */ = {isa = PBXFileReference; fileEncoding = 4; lastKnownFileType = text.xml.dae; name = Scene17.dae; path = Resources/Scenes/Scene17.dae; sourceTree = SOURCE_ROOT; };
		A989BE6E19A7B30F005B1E14 /* Scene17Controller.swift */ = {isa = PBXFileReference; fileEncoding = 4; lastKnownFileType = sourcecode.swift; path = Scene17Controller.swift; sourceTree = "<group>"; };
		A997853D19A0A5AA00ACAE69 /* Level9.swift */ = {isa = PBXFileReference; fileEncoding = 4; lastKnownFileType = sourcecode.swift; path = Level9.swift; sourceTree = "<group>"; };
		A997854219A0AD1700ACAE69 /* Level10.swift */ = {isa = PBXFileReference; fileEncoding = 4; lastKnownFileType = sourcecode.swift; path = Level10.swift; sourceTree = "<group>"; };
		A997854719A1014000ACAE69 /* Level11.swift */ = {isa = PBXFileReference; fileEncoding = 4; lastKnownFileType = sourcecode.swift; path = Level11.swift; sourceTree = "<group>"; };
		A9A2E84D1C2C361F0024781D /* TriesDatabase.sql */ = {isa = PBXFileReference; lastKnownFileType = file; path = TriesDatabase.sql; sourceTree = "<group>"; };
		A9AAF0EA199A6BE200689F9D /* Level6.swift */ = {isa = PBXFileReference; fileEncoding = 4; lastKnownFileType = sourcecode.swift; path = Level6.swift; sourceTree = "<group>"; };
		A9B2B44D1993F50F00D79B05 /* Blocky.swift */ = {isa = PBXFileReference; fileEncoding = 4; lastKnownFileType = sourcecode.swift; path = Blocky.swift; sourceTree = "<group>"; };
		A9B2B44F1993F5FE00D79B05 /* Enemy.swift */ = {isa = PBXFileReference; fileEncoding = 4; lastKnownFileType = sourcecode.swift; path = Enemy.swift; sourceTree = "<group>"; };
		A9B2B4511993FBB300D79B05 /* Block.swift */ = {isa = PBXFileReference; fileEncoding = 4; lastKnownFileType = sourcecode.swift; path = Block.swift; sourceTree = "<group>"; };
		A9B2B47E1994378800D79B05 /* AnimationFactory.swift */ = {isa = PBXFileReference; fileEncoding = 4; lastKnownFileType = sourcecode.swift; path = AnimationFactory.swift; sourceTree = "<group>"; };
		A9CA14F719A3D652003DA92A /* Scene4.dae */ = {isa = PBXFileReference; fileEncoding = 4; lastKnownFileType = text.xml.dae; name = Scene4.dae; path = Resources/Scenes/Scene4.dae; sourceTree = SOURCE_ROOT; };
		A9CA14F919A3D669003DA92A /* Scene5.dae */ = {isa = PBXFileReference; fileEncoding = 4; lastKnownFileType = text.xml.dae; name = Scene5.dae; path = Resources/Scenes/Scene5.dae; sourceTree = SOURCE_ROOT; };
		A9CA14FB19A3D674003DA92A /* Scene6.dae */ = {isa = PBXFileReference; fileEncoding = 4; lastKnownFileType = text.xml.dae; name = Scene6.dae; path = Resources/Scenes/Scene6.dae; sourceTree = SOURCE_ROOT; };
		A9CA14FD19A3D67C003DA92A /* Scene7.dae */ = {isa = PBXFileReference; fileEncoding = 4; lastKnownFileType = text.xml.dae; name = Scene7.dae; path = Resources/Scenes/Scene7.dae; sourceTree = SOURCE_ROOT; };
		A9CA14FF19A3D682003DA92A /* Scene8.dae */ = {isa = PBXFileReference; fileEncoding = 4; lastKnownFileType = text.xml.dae; name = Scene8.dae; path = Resources/Scenes/Scene8.dae; sourceTree = SOURCE_ROOT; };
		A9CA150119A3D68A003DA92A /* Scene9.dae */ = {isa = PBXFileReference; fileEncoding = 4; lastKnownFileType = text.xml.dae; name = Scene9.dae; path = Resources/Scenes/Scene9.dae; sourceTree = SOURCE_ROOT; };
		A9CA150319A3D695003DA92A /* Scene10.dae */ = {isa = PBXFileReference; fileEncoding = 4; lastKnownFileType = text.xml.dae; name = Scene10.dae; path = Resources/Scenes/Scene10.dae; sourceTree = SOURCE_ROOT; };
		A9CA150519A3D69C003DA92A /* Scene11.dae */ = {isa = PBXFileReference; fileEncoding = 4; lastKnownFileType = text.xml.dae; name = Scene11.dae; path = Resources/Scenes/Scene11.dae; sourceTree = SOURCE_ROOT; };
		A9DC3EF0199F758F00CF2068 /* Level8.swift */ = {isa = PBXFileReference; fileEncoding = 4; lastKnownFileType = sourcecode.swift; path = Level8.swift; sourceTree = "<group>"; };
/* End PBXFileReference section */

/* Begin PBXFrameworksBuildPhase section */
		A9368FAE1976844E00A9BC7D /* Frameworks */ = {
			isa = PBXFrameworksBuildPhase;
			buildActionMask = 2147483647;
			files = (
				A90B3A671C29953700E074D6 /* libsqlite3.0.tbd in Frameworks */,
			);
			runOnlyForDeploymentPostprocessing = 0;
		};
		A9368FC01976844E00A9BC7D /* Frameworks */ = {
			isa = PBXFrameworksBuildPhase;
			buildActionMask = 2147483647;
			files = (
			);
			runOnlyForDeploymentPostprocessing = 0;
		};
/* End PBXFrameworksBuildPhase section */

/* Begin PBXGroup section */
		A9080BBE199D0A3B00BA37C4 /* Scene7 */ = {
			isa = PBXGroup;
			children = (
				A9080BBF199D0A5900BA37C4 /* Level7.swift */,
				A9CA14FD19A3D67C003DA92A /* Scene7.dae */,
			);
			name = Scene7;
			sourceTree = "<group>";
		};
		A90915A4198D433400F33EED /* Scene5 */ = {
			isa = PBXGroup;
			children = (
				A90915A7198D435A00F33EED /* Level5.swift */,
				A9CA14F919A3D669003DA92A /* Scene5.dae */,
			);
			name = Scene5;
			sourceTree = "<group>";
		};
		A91F3C7A19C5DA71003E1388 /* Scene18 */ = {
			isa = PBXGroup;
			children = (
				A91F3C7B19C5DB0B003E1388 /* Level18.swift */,
				A91F3C7819C5DA6C003E1388 /* Scene18.dae */,
			);
			name = Scene18;
			sourceTree = "<group>";
		};
		A92455CF19C6286900B661F1 /* Scene19 */ = {
			isa = PBXGroup;
			children = (
				A92455D019C6288000B661F1 /* Level19.swift */,
				A92455CD19C6286400B661F1 /* Scene19.dae */,
			);
			name = Scene19;
			sourceTree = "<group>";
		};
		A9368FA81976844E00A9BC7D = {
			isa = PBXGroup;
			children = (
				A9368FB31976844E00A9BC7D /* Blocky */,
				A9368FC61976844E00A9BC7D /* BlockyTests */,
				A9368FB21976844E00A9BC7D /* Products */,
			);
			sourceTree = "<group>";
		};
		A9368FB21976844E00A9BC7D /* Products */ = {
			isa = PBXGroup;
			children = (
				A9368FB11976844E00A9BC7D /* Blocky.app */,
				A9368FC31976844E00A9BC7D /* BlockyTests.xctest */,
			);
			name = Products;
			sourceTree = "<group>";
		};
		A9368FB31976844E00A9BC7D /* Blocky */ = {
			isa = PBXGroup;
			children = (
				A9368FB61976844E00A9BC7D /* AppDelegate.swift */,
				A9368FBA1976844E00A9BC7D /* Main.storyboard */,
				A9368FB81976844E00A9BC7D /* MainViewController.swift */,
				A9368FBD1976844E00A9BC7D /* Images.xcassets */,
				A966F4DF198CEEA900AE3D80 /* Scenes */,
				A9368FB41976844E00A9BC7D /* Supporting Files */,
			);
			path = Blocky;
			sourceTree = "<group>";
		};
		A9368FB41976844E00A9BC7D /* Supporting Files */ = {
			isa = PBXGroup;
			children = (
				A91A31BF1C428D2E0047F189 /* Control.swift */,
				A929B05E19A273980059AB1C /* LevelCell.swift */,
				A96B93301B7E2568006C2642 /* Blocky-Bridging-Header.h */,
				A90B3A661C29953700E074D6 /* libsqlite3.0.tbd */,
				A9A2E84D1C2C361F0024781D /* TriesDatabase.sql */,
				A966F4DD198CEE1000AE3D80 /* SceneFactory.swift */,
				A9B2B47E1994378800D79B05 /* AnimationFactory.swift */,
				A9368FE019768A0D00A9BC7D /* Direction.swift */,
				A96B932E1B7E2486006C2642 /* Database.swift */,
				A9368FB51976844E00A9BC7D /* Info.plist */,
			);
			name = "Supporting Files";
			sourceTree = "<group>";
		};
		A9368FC61976844E00A9BC7D /* BlockyTests */ = {
			isa = PBXGroup;
			children = (
				A9368FC91976844E00A9BC7D /* BlockyTests.swift */,
				A9368FC71976844E00A9BC7D /* Supporting Files */,
			);
			path = BlockyTests;
			sourceTree = "<group>";
		};
		A9368FC71976844E00A9BC7D /* Supporting Files */ = {
			isa = PBXGroup;
			children = (
				A9368FC81976844E00A9BC7D /* Info.plist */,
			);
			name = "Supporting Files";
			sourceTree = "<group>";
		};
		A94D7AE9198D1FC60022C5C8 /* Scene4 */ = {
			isa = PBXGroup;
			children = (
				A94D7AEC198D20010022C5C8 /* Level4.swift */,
				A9CA14F719A3D652003DA92A /* Scene4.dae */,
			);
			name = Scene4;
			sourceTree = "<group>";
		};
		A966F4DF198CEEA900AE3D80 /* Scenes */ = {
			isa = PBXGroup;
			children = (
				A966F4E7198CF79500AE3D80 /* DefaultScene */,
				A989BE5E19A77857005B1E14 /* Section1 */,
				A989BE5F19A77867005B1E14 /* Section2 */,
				A989BE6319A77D60005B1E14 /* Section3 */,
			);
			name = Scenes;
			sourceTree = "<group>";
		};
		A966F4E7198CF79500AE3D80 /* DefaultScene */ = {
			isa = PBXGroup;
			children = (
				A966F4EA198D027600AE3D80 /* SceneController.swift */,
				A9B2B4511993FBB300D79B05 /* Block.swift */,
				A9B2B44D1993F50F00D79B05 /* Blocky.swift */,
				A9B2B44F1993F5FE00D79B05 /* Enemy.swift */,
				A9080BC1199D281800BA37C4 /* Food.swift */,
				A90B24D81C2D9A5700C0D32A /* Level.swift */,
			);
			name = DefaultScene;
			sourceTree = "<group>";
		};
		A989BE5119A76119005B1E14 /* Scene12 */ = {
			isa = PBXGroup;
			children = (
				A989BE5219A7613E005B1E14 /* Level12.swift */,
				A989BE4F19A76114005B1E14 /* Scene12.dae */,
			);
			name = Scene12;
			sourceTree = "<group>";
		};
		A989BE5619A769C9005B1E14 /* Scene13 */ = {
			isa = PBXGroup;
			children = (
				A989BE5719A769E1005B1E14 /* Level13.swift */,
				A989BE5419A769C6005B1E14 /* Scene13.dae */,
			);
			name = Scene13;
			sourceTree = "<group>";
		};
		A989BE5B19A77065005B1E14 /* Scene14 */ = {
			isa = PBXGroup;
			children = (
				A989BE5C19A7707E005B1E14 /* Level14.swift */,
				A989BE5919A77061005B1E14 /* Scene14.dae */,
			);
			name = Scene14;
			sourceTree = "<group>";
		};
		A989BE5E19A77857005B1E14 /* Section1 */ = {
			isa = PBXGroup;
			children = (
				A94D7AE9198D1FC60022C5C8 /* Scene4 */,
				A90915A4198D433400F33EED /* Scene5 */,
				A9AAF0E7199A6B9600689F9D /* Scene6 */,
				A997853C19A0A59700ACAE69 /* Scene9 */,
				A997854119A0AD0500ACAE69 /* Scene10 */,
				A997854619A1012C00ACAE69 /* Scene11 */,
			);
			name = Section1;
			sourceTree = "<group>";
		};
		A989BE5F19A77867005B1E14 /* Section2 */ = {
			isa = PBXGroup;
			children = (
				A9080BBE199D0A3B00BA37C4 /* Scene7 */,
				A989BE5119A76119005B1E14 /* Scene12 */,
				A989BE5619A769C9005B1E14 /* Scene13 */,
				A989BE5B19A77065005B1E14 /* Scene14 */,
				A91F3C7A19C5DA71003E1388 /* Scene18 */,
				A92455CF19C6286900B661F1 /* Scene19 */,
			);
			name = Section2;
			sourceTree = "<group>";
		};
		A989BE6219A77D51005B1E14 /* Scene15 */ = {
			isa = PBXGroup;
			children = (
				A989BE6419A77D74005B1E14 /* Level15.swift */,
				A989BE6019A77D4F005B1E14 /* Scene15.dae */,
			);
			name = Scene15;
			sourceTree = "<group>";
		};
		A989BE6319A77D60005B1E14 /* Section3 */ = {
			isa = PBXGroup;
			children = (
				A9DC3EEF199F757700CF2068 /* Scene8 */,
				A989BE6219A77D51005B1E14 /* Scene15 */,
				A989BE6819A78CF9005B1E14 /* Scene16 */,
				A989BE6D19A7B27D005B1E14 /* Scene17 */,
			);
			name = Section3;
			sourceTree = "<group>";
		};
		A989BE6819A78CF9005B1E14 /* Scene16 */ = {
			isa = PBXGroup;
			children = (
				A989BE6919A78D0A005B1E14 /* Level16.swift */,
				A989BE6619A78CF3005B1E14 /* Scene16.dae */,
			);
			name = Scene16;
			sourceTree = "<group>";
		};
		A989BE6D19A7B27D005B1E14 /* Scene17 */ = {
			isa = PBXGroup;
			children = (
				A989BE6E19A7B30F005B1E14 /* Scene17Controller.swift */,
				A989BE6B19A7B278005B1E14 /* Scene17.dae */,
			);
			name = Scene17;
			sourceTree = "<group>";
		};
		A997853C19A0A59700ACAE69 /* Scene9 */ = {
			isa = PBXGroup;
			children = (
				A997853D19A0A5AA00ACAE69 /* Level9.swift */,
				A9CA150119A3D68A003DA92A /* Scene9.dae */,
			);
			name = Scene9;
			sourceTree = "<group>";
		};
		A997854119A0AD0500ACAE69 /* Scene10 */ = {
			isa = PBXGroup;
			children = (
				A997854219A0AD1700ACAE69 /* Level10.swift */,
				A9CA150319A3D695003DA92A /* Scene10.dae */,
			);
			name = Scene10;
			sourceTree = "<group>";
		};
		A997854619A1012C00ACAE69 /* Scene11 */ = {
			isa = PBXGroup;
			children = (
				A997854719A1014000ACAE69 /* Level11.swift */,
				A9CA150519A3D69C003DA92A /* Scene11.dae */,
			);
			name = Scene11;
			sourceTree = "<group>";
		};
		A9AAF0E7199A6B9600689F9D /* Scene6 */ = {
			isa = PBXGroup;
			children = (
				A9AAF0EA199A6BE200689F9D /* Level6.swift */,
				A9CA14FB19A3D674003DA92A /* Scene6.dae */,
			);
			name = Scene6;
			sourceTree = "<group>";
		};
		A9DC3EEF199F757700CF2068 /* Scene8 */ = {
			isa = PBXGroup;
			children = (
				A9DC3EF0199F758F00CF2068 /* Level8.swift */,
				A9CA14FF19A3D682003DA92A /* Scene8.dae */,
			);
			name = Scene8;
			sourceTree = "<group>";
		};
/* End PBXGroup section */

/* Begin PBXNativeTarget section */
		A9368FB01976844E00A9BC7D /* Blocky */ = {
			isa = PBXNativeTarget;
			buildConfigurationList = A9368FCD1976844E00A9BC7D /* Build configuration list for PBXNativeTarget "Blocky" */;
			buildPhases = (
				A9368FAD1976844E00A9BC7D /* Sources */,
				A9368FAE1976844E00A9BC7D /* Frameworks */,
				A9368FAF1976844E00A9BC7D /* Resources */,
			);
			buildRules = (
			);
			dependencies = (
			);
			name = Blocky;
			productName = Blocky;
			productReference = A9368FB11976844E00A9BC7D /* Blocky.app */;
			productType = "com.apple.product-type.application";
		};
		A9368FC21976844E00A9BC7D /* BlockyTests */ = {
			isa = PBXNativeTarget;
			buildConfigurationList = A9368FD01976844E00A9BC7D /* Build configuration list for PBXNativeTarget "BlockyTests" */;
			buildPhases = (
				A9368FBF1976844E00A9BC7D /* Sources */,
				A9368FC01976844E00A9BC7D /* Frameworks */,
				A9368FC11976844E00A9BC7D /* Resources */,
			);
			buildRules = (
			);
			dependencies = (
				A9368FC51976844E00A9BC7D /* PBXTargetDependency */,
			);
			name = BlockyTests;
			productName = BlockyTests;
			productReference = A9368FC31976844E00A9BC7D /* BlockyTests.xctest */;
			productType = "com.apple.product-type.bundle.unit-test";
		};
/* End PBXNativeTarget section */

/* Begin PBXProject section */
		A9368FA91976844E00A9BC7D /* Project object */ = {
			isa = PBXProject;
			attributes = {
				LastSwiftMigration = 0720;
				LastSwiftUpdateCheck = 0720;
				LastUpgradeCheck = 0720;
				ORGANIZATIONNAME = "Lodewijck Vogelzang";
				TargetAttributes = {
					A9368FB01976844E00A9BC7D = {
						CreatedOnToolsVersion = 6.0;
						DevelopmentTeam = KYCK2JYUQB;
					};
					A9368FC21976844E00A9BC7D = {
						CreatedOnToolsVersion = 6.0;
						TestTargetID = A9368FB01976844E00A9BC7D;
					};
				};
			};
			buildConfigurationList = A9368FAC1976844E00A9BC7D /* Build configuration list for PBXProject "Blocky" */;
			compatibilityVersion = "Xcode 3.2";
			developmentRegion = English;
			hasScannedForEncodings = 0;
			knownRegions = (
				en,
				Base,
			);
			mainGroup = A9368FA81976844E00A9BC7D;
			productRefGroup = A9368FB21976844E00A9BC7D /* Products */;
			projectDirPath = "";
			projectRoot = "";
			targets = (
				A9368FB01976844E00A9BC7D /* Blocky */,
				A9368FC21976844E00A9BC7D /* BlockyTests */,
			);
		};
/* End PBXProject section */

/* Begin PBXResourcesBuildPhase section */
		A9368FAF1976844E00A9BC7D /* Resources */ = {
			isa = PBXResourcesBuildPhase;
			buildActionMask = 2147483647;
			files = (
				A9368FBC1976844E00A9BC7D /* Main.storyboard in Resources */,
				A989BE6719A78CF3005B1E14 /* Scene16.dae in Resources */,
				A9CA14FE19A3D67C003DA92A /* Scene7.dae in Resources */,
				A9CA150419A3D695003DA92A /* Scene10.dae in Resources */,
				A989BE6C19A7B278005B1E14 /* Scene17.dae in Resources */,
				A989BE5519A769C6005B1E14 /* Scene13.dae in Resources */,
				A9A2E84E1C2C361F0024781D /* TriesDatabase.sql in Resources */,
				A989BE5019A76114005B1E14 /* Scene12.dae in Resources */,
				A9CA150019A3D682003DA92A /* Scene8.dae in Resources */,
				A9CA14FC19A3D674003DA92A /* Scene6.dae in Resources */,
				A9CA150619A3D69C003DA92A /* Scene11.dae in Resources */,
				A989BE6119A77D4F005B1E14 /* Scene15.dae in Resources */,
				A91F3C7919C5DA6C003E1388 /* Scene18.dae in Resources */,
				A9CA14F819A3D652003DA92A /* Scene4.dae in Resources */,
				A9CA14FA19A3D669003DA92A /* Scene5.dae in Resources */,
				A989BE5A19A77061005B1E14 /* Scene14.dae in Resources */,
				A9CA150219A3D68A003DA92A /* Scene9.dae in Resources */,
				A92455CE19C6286400B661F1 /* Scene19.dae in Resources */,
				A9368FBE1976844E00A9BC7D /* Images.xcassets in Resources */,
			);
			runOnlyForDeploymentPostprocessing = 0;
		};
		A9368FC11976844E00A9BC7D /* Resources */ = {
			isa = PBXResourcesBuildPhase;
			buildActionMask = 2147483647;
			files = (
				A9A2E84F1C2C361F0024781D /* TriesDatabase.sql in Resources */,
			);
			runOnlyForDeploymentPostprocessing = 0;
		};
/* End PBXResourcesBuildPhase section */

/* Begin PBXSourcesBuildPhase section */
		A9368FAD1976844E00A9BC7D /* Sources */ = {
			isa = PBXSourcesBuildPhase;
			buildActionMask = 2147483647;
			files = (
				A96B932F1B7E2486006C2642 /* Database.swift in Sources */,
				A9B2B4501993F5FE00D79B05 /* Enemy.swift in Sources */,
				A90B24D91C2D9A5700C0D32A /* Level.swift in Sources */,
				A9080BC0199D0A5900BA37C4 /* Level7.swift in Sources */,
				A92455D119C6288000B661F1 /* Level19.swift in Sources */,
				A9080BC2199D281800BA37C4 /* Food.swift in Sources */,
				A90915A8198D435A00F33EED /* Level5.swift in Sources */,
				A997854819A1014000ACAE69 /* Level11.swift in Sources */,
				A9B2B44E1993F50F00D79B05 /* Blocky.swift in Sources */,
				A966F4DE198CEE1000AE3D80 /* SceneFactory.swift in Sources */,
				A989BE6F19A7B30F005B1E14 /* Scene17Controller.swift in Sources */,
				A9B2B47F1994378800D79B05 /* AnimationFactory.swift in Sources */,
				A91F3C7C19C5DB0B003E1388 /* Level18.swift in Sources */,
				A997854319A0AD1700ACAE69 /* Level10.swift in Sources */,
				A989BE6519A77D74005B1E14 /* Level15.swift in Sources */,
				A989BE6A19A78D0A005B1E14 /* Level16.swift in Sources */,
				A997853E19A0A5AA00ACAE69 /* Level9.swift in Sources */,
				A91A31C01C428D2E0047F189 /* Control.swift in Sources */,
				A94D7AED198D20010022C5C8 /* Level4.swift in Sources */,
				A989BE5319A7613E005B1E14 /* Level12.swift in Sources */,
				A966F4EB198D027600AE3D80 /* SceneController.swift in Sources */,
				A9368FB91976844E00A9BC7D /* MainViewController.swift in Sources */,
				A929B05F19A273980059AB1C /* LevelCell.swift in Sources */,
				A9DC3EF1199F758F00CF2068 /* Level8.swift in Sources */,
				A9368FB71976844E00A9BC7D /* AppDelegate.swift in Sources */,
				A9B2B4521993FBB300D79B05 /* Block.swift in Sources */,
				A9368FE119768A0D00A9BC7D /* Direction.swift in Sources */,
				A989BE5819A769E1005B1E14 /* Level13.swift in Sources */,
				A989BE5D19A7707E005B1E14 /* Level14.swift in Sources */,
				A9AAF0EB199A6BE200689F9D /* Level6.swift in Sources */,
			);
			runOnlyForDeploymentPostprocessing = 0;
		};
		A9368FBF1976844E00A9BC7D /* Sources */ = {
			isa = PBXSourcesBuildPhase;
			buildActionMask = 2147483647;
			files = (
				A9368FCA1976844E00A9BC7D /* BlockyTests.swift in Sources */,
			);
			runOnlyForDeploymentPostprocessing = 0;
		};
/* End PBXSourcesBuildPhase section */

/* Begin PBXTargetDependency section */
		A9368FC51976844E00A9BC7D /* PBXTargetDependency */ = {
			isa = PBXTargetDependency;
			target = A9368FB01976844E00A9BC7D /* Blocky */;
			targetProxy = A9368FC41976844E00A9BC7D /* PBXContainerItemProxy */;
		};
/* End PBXTargetDependency section */

/* Begin PBXVariantGroup section */
		A9368FBA1976844E00A9BC7D /* Main.storyboard */ = {
			isa = PBXVariantGroup;
			children = (
				A9368FBB1976844E00A9BC7D /* Base */,
			);
			name = Main.storyboard;
			sourceTree = "<group>";
		};
/* End PBXVariantGroup section */

/* Begin XCBuildConfiguration section */
		A9368FCB1976844E00A9BC7D /* Debug */ = {
			isa = XCBuildConfiguration;
			buildSettings = {
				ALWAYS_SEARCH_USER_PATHS = NO;
				CLANG_CXX_LANGUAGE_STANDARD = "gnu++0x";
				CLANG_CXX_LIBRARY = "libc++";
				CLANG_ENABLE_MODULES = YES;
				CLANG_ENABLE_OBJC_ARC = YES;
				CLANG_WARN_BOOL_CONVERSION = YES;
				CLANG_WARN_CONSTANT_CONVERSION = YES;
				CLANG_WARN_DIRECT_OBJC_ISA_USAGE = YES_ERROR;
				CLANG_WARN_EMPTY_BODY = YES;
				CLANG_WARN_ENUM_CONVERSION = YES;
				CLANG_WARN_INT_CONVERSION = YES;
				CLANG_WARN_OBJC_ROOT_CLASS = YES_ERROR;
				CLANG_WARN_UNREACHABLE_CODE = YES;
				CLANG_WARN__DUPLICATE_METHOD_MATCH = YES;
				"CODE_SIGN_IDENTITY[sdk=iphoneos*]" = "iPhone Developer";
				COPY_PHASE_STRIP = NO;
				ENABLE_STRICT_OBJC_MSGSEND = YES;
				ENABLE_TESTABILITY = YES;
				GCC_C_LANGUAGE_STANDARD = gnu99;
				GCC_DYNAMIC_NO_PIC = NO;
				GCC_OPTIMIZATION_LEVEL = 0;
				GCC_PREPROCESSOR_DEFINITIONS = (
					"DEBUG=1",
					"$(inherited)",
				);
				GCC_SYMBOLS_PRIVATE_EXTERN = NO;
				GCC_WARN_64_TO_32_BIT_CONVERSION = YES;
				GCC_WARN_ABOUT_RETURN_TYPE = YES_ERROR;
				GCC_WARN_UNDECLARED_SELECTOR = YES;
				GCC_WARN_UNINITIALIZED_AUTOS = YES_AGGRESSIVE;
				GCC_WARN_UNUSED_FUNCTION = YES;
				GCC_WARN_UNUSED_VARIABLE = YES;
				IPHONEOS_DEPLOYMENT_TARGET = 8.0;
				MTL_ENABLE_DEBUG_INFO = YES;
				ONLY_ACTIVE_ARCH = YES;
				SDKROOT = iphoneos;
				SWIFT_OPTIMIZATION_LEVEL = "-Onone";
				TARGETED_DEVICE_FAMILY = "1,2";
			};
			name = Debug;
		};
		A9368FCC1976844E00A9BC7D /* Release */ = {
			isa = XCBuildConfiguration;
			buildSettings = {
				ALWAYS_SEARCH_USER_PATHS = NO;
				CLANG_CXX_LANGUAGE_STANDARD = "gnu++0x";
				CLANG_CXX_LIBRARY = "libc++";
				CLANG_ENABLE_MODULES = YES;
				CLANG_ENABLE_OBJC_ARC = YES;
				CLANG_WARN_BOOL_CONVERSION = YES;
				CLANG_WARN_CONSTANT_CONVERSION = YES;
				CLANG_WARN_DIRECT_OBJC_ISA_USAGE = YES_ERROR;
				CLANG_WARN_EMPTY_BODY = YES;
				CLANG_WARN_ENUM_CONVERSION = YES;
				CLANG_WARN_INT_CONVERSION = YES;
				CLANG_WARN_OBJC_ROOT_CLASS = YES_ERROR;
				CLANG_WARN_UNREACHABLE_CODE = YES;
				CLANG_WARN__DUPLICATE_METHOD_MATCH = YES;
				"CODE_SIGN_IDENTITY[sdk=iphoneos*]" = "iPhone Developer";
				COPY_PHASE_STRIP = YES;
				ENABLE_NS_ASSERTIONS = NO;
				ENABLE_STRICT_OBJC_MSGSEND = YES;
				GCC_C_LANGUAGE_STANDARD = gnu99;
				GCC_WARN_64_TO_32_BIT_CONVERSION = YES;
				GCC_WARN_ABOUT_RETURN_TYPE = YES_ERROR;
				GCC_WARN_UNDECLARED_SELECTOR = YES;
				GCC_WARN_UNINITIALIZED_AUTOS = YES_AGGRESSIVE;
				GCC_WARN_UNUSED_FUNCTION = YES;
				GCC_WARN_UNUSED_VARIABLE = YES;
				IPHONEOS_DEPLOYMENT_TARGET = 8.0;
				MTL_ENABLE_DEBUG_INFO = NO;
				SDKROOT = iphoneos;
				TARGETED_DEVICE_FAMILY = "1,2";
				VALIDATE_PRODUCT = YES;
			};
			name = Release;
		};
		A9368FCE1976844E00A9BC7D /* Debug */ = {
			isa = XCBuildConfiguration;
			buildSettings = {
				ASSETCATALOG_COMPILER_APPICON_NAME = AppIcon;
				ASSETCATALOG_COMPILER_LAUNCHIMAGE_NAME = LaunchImage;
				CLANG_ENABLE_MODULES = YES;
				CODE_SIGN_IDENTITY = "iPhone Developer";
				INFOPLIST_FILE = Blocky/Info.plist;
				IPHONEOS_DEPLOYMENT_TARGET = 8.1;
				LD_RUNPATH_SEARCH_PATHS = "$(inherited) @executable_path/Frameworks";
				PRODUCT_BUNDLE_IDENTIFIER = "Lovo-Creations.${PRODUCT_NAME:rfc1034identifier}";
				PRODUCT_NAME = "$(TARGET_NAME)";
				SWIFT_OBJC_BRIDGING_HEADER = "Blocky/Blocky-Bridging-Header.h";
				SWIFT_OPTIMIZATION_LEVEL = "-Onone";
				TARGETED_DEVICE_FAMILY = 1;
			};
			name = Debug;
		};
		A9368FCF1976844E00A9BC7D /* Release */ = {
			isa = XCBuildConfiguration;
			buildSettings = {
				ASSETCATALOG_COMPILER_APPICON_NAME = AppIcon;
				ASSETCATALOG_COMPILER_LAUNCHIMAGE_NAME = LaunchImage;
				CLANG_ENABLE_MODULES = YES;
				CODE_SIGN_IDENTITY = "iPhone Developer";
				INFOPLIST_FILE = Blocky/Info.plist;
				IPHONEOS_DEPLOYMENT_TARGET = 8.1;
				LD_RUNPATH_SEARCH_PATHS = "$(inherited) @executable_path/Frameworks";
				PRODUCT_BUNDLE_IDENTIFIER = "Lovo-Creations.${PRODUCT_NAME:rfc1034identifier}";
				PRODUCT_NAME = "$(TARGET_NAME)";
				SWIFT_OBJC_BRIDGING_HEADER = "Blocky/Blocky-Bridging-Header.h";
				TARGETED_DEVICE_FAMILY = 1;
			};
			name = Release;
		};
		A9368FD11976844E00A9BC7D /* Debug */ = {
			isa = XCBuildConfiguration;
			buildSettings = {
				BUNDLE_LOADER = "$(BUILT_PRODUCTS_DIR)/Blocky.app/Blocky";
				FRAMEWORK_SEARCH_PATHS = (
					"$(SDKROOT)/Developer/Library/Frameworks",
					"$(inherited)",
				);
				GCC_PREPROCESSOR_DEFINITIONS = (
					"DEBUG=1",
					"$(inherited)",
				);
				INFOPLIST_FILE = BlockyTests/Info.plist;
				LD_RUNPATH_SEARCH_PATHS = "$(inherited) @executable_path/Frameworks @loader_path/Frameworks";
				PRODUCT_BUNDLE_IDENTIFIER = "Lovo-Creations.${PRODUCT_NAME:rfc1034identifier}";
				PRODUCT_NAME = "$(TARGET_NAME)";
				TEST_HOST = "$(BUNDLE_LOADER)";
			};
			name = Debug;
		};
		A9368FD21976844E00A9BC7D /* Release */ = {
			isa = XCBuildConfiguration;
			buildSettings = {
				BUNDLE_LOADER = "$(BUILT_PRODUCTS_DIR)/Blocky.app/Blocky";
				FRAMEWORK_SEARCH_PATHS = (
					"$(SDKROOT)/Developer/Library/Frameworks",
					"$(inherited)",
				);
				INFOPLIST_FILE = BlockyTests/Info.plist;
				LD_RUNPATH_SEARCH_PATHS = "$(inherited) @executable_path/Frameworks @loader_path/Frameworks";
				PRODUCT_BUNDLE_IDENTIFIER = "Lovo-Creations.${PRODUCT_NAME:rfc1034identifier}";
				PRODUCT_NAME = "$(TARGET_NAME)";
				TEST_HOST = "$(BUNDLE_LOADER)";
			};
			name = Release;
		};
/* End XCBuildConfiguration section */

/* Begin XCConfigurationList section */
		A9368FAC1976844E00A9BC7D /* Build configuration list for PBXProject "Blocky" */ = {
			isa = XCConfigurationList;
			buildConfigurations = (
				A9368FCB1976844E00A9BC7D /* Debug */,
				A9368FCC1976844E00A9BC7D /* Release */,
			);
			defaultConfigurationIsVisible = 0;
			defaultConfigurationName = Release;
		};
		A9368FCD1976844E00A9BC7D /* Build configuration list for PBXNativeTarget "Blocky" */ = {
			isa = XCConfigurationList;
			buildConfigurations = (
				A9368FCE1976844E00A9BC7D /* Debug */,
				A9368FCF1976844E00A9BC7D /* Release */,
			);
			defaultConfigurationIsVisible = 0;
			defaultConfigurationName = Release;
		};
		A9368FD01976844E00A9BC7D /* Build configuration list for PBXNativeTarget "BlockyTests" */ = {
			isa = XCConfigurationList;
			buildConfigurations = (
				A9368FD11976844E00A9BC7D /* Debug */,
				A9368FD21976844E00A9BC7D /* Release */,
			);
			defaultConfigurationIsVisible = 0;
			defaultConfigurationName = Release;
		};
/* End XCConfigurationList section */
	};
	rootObject = A9368FA91976844E00A9BC7D /* Project object */;
}
